// !$*UTF8*$!
{
	archiveVersion = 1;
	classes = {
	};
	objectVersion = 46;
	objects = {

/* Begin PBXBuildFile section */
		6472FC2D14127DDE00837069 /* HiddenView.m in Sources */ = {isa = PBXBuildFile; fileRef = 6472FC2C14127DDE00837069 /* HiddenView.m */; };
		820511BF13F3BB9B0016F87E /* SceneViewController.m in Sources */ = {isa = PBXBuildFile; fileRef = 820511BD13F3BB9B0016F87E /* SceneViewController.m */; };
		820511C013F3BB9B0016F87E /* SceneViewController.xib in Resources */ = {isa = PBXBuildFile; fileRef = 820511BE13F3BB9B0016F87E /* SceneViewController.xib */; };
		820E2A1C140A0A1E00B80BBC /* AudioToolbox.framework in Frameworks */ = {isa = PBXBuildFile; fileRef = 820E2A1B140A0A1E00B80BBC /* AudioToolbox.framework */; };
		820E2A2B140A0A3E00B80BBC /* MixPlayerRecorder.m in Sources */ = {isa = PBXBuildFile; fileRef = 820E2A20140A0A3E00B80BBC /* MixPlayerRecorder.m */; };
		820E2A2C140A0A3E00B80BBC /* ASBDHelper.c in Sources */ = {isa = PBXBuildFile; fileRef = 820E2A21140A0A3E00B80BBC /* ASBDHelper.c */; };
		820E2A2D140A0A3E00B80BBC /* AudioFileRingBuffer.m in Sources */ = {isa = PBXBuildFile; fileRef = 820E2A24140A0A3E00B80BBC /* AudioFileRingBuffer.m */; };
		820E2A2E140A0A3E00B80BBC /* BoomzAUOutputCapturer.m in Sources */ = {isa = PBXBuildFile; fileRef = 820E2A26140A0A3E00B80BBC /* BoomzAUOutputCapturer.m */; };
		820E2A2F140A0A3E00B80BBC /* CAErrorHandling.c in Sources */ = {isa = PBXBuildFile; fileRef = 820E2A27140A0A3E00B80BBC /* CAErrorHandling.c */; };
		820E2A30140A0A3E00B80BBC /* TPCircularBuffer.c in Sources */ = {isa = PBXBuildFile; fileRef = 820E2A29140A0A3E00B80BBC /* TPCircularBuffer.c */; };
		820E2A35140A0A8E00B80BBC /* AudioViewController.m in Sources */ = {isa = PBXBuildFile; fileRef = 820E2A32140A0A8E00B80BBC /* AudioViewController.m */; };
		820E2A36140A0A8E00B80BBC /* AudioViewController.xib in Resources */ = {isa = PBXBuildFile; fileRef = 820E2A33140A0A8E00B80BBC /* AudioViewController.xib */; };
		82A21EBD140A388C008C26FB /* bass.mp3 in Resources */ = {isa = PBXBuildFile; fileRef = 82A21EB8140A388C008C26FB /* bass.mp3 */; };
		82A21EBE140A388C008C26FB /* drums.mp3 in Resources */ = {isa = PBXBuildFile; fileRef = 82A21EB9140A388C008C26FB /* drums.mp3 */; };
		82A21EBF140A388C008C26FB /* guitar.mp3 in Resources */ = {isa = PBXBuildFile; fileRef = 82A21EBA140A388C008C26FB /* guitar.mp3 */; };
		82A21EC0140A388C008C26FB /* keys.mp3 in Resources */ = {isa = PBXBuildFile; fileRef = 82A21EBB140A388C008C26FB /* keys.mp3 */; };
		82A21EC1140A388C008C26FB /* vocals.mp3 in Resources */ = {isa = PBXBuildFile; fileRef = 82A21EBC140A388C008C26FB /* vocals.mp3 */; };
		9572E0D7140E118400713F45 /* AudioCue.m in Sources */ = {isa = PBXBuildFile; fileRef = 9572E0CC140E118400713F45 /* AudioCue.m */; };
		9572E0D8140E118400713F45 /* Audio.m in Sources */ = {isa = PBXBuildFile; fileRef = 9572E0CE140E118400713F45 /* Audio.m */; };
		9572E0D9140E118400713F45 /* Picture.m in Sources */ = {isa = PBXBuildFile; fileRef = 9572E0D0140E118400713F45 /* Picture.m */; };
		9572E0DA140E118400713F45 /* PictureCue.m in Sources */ = {isa = PBXBuildFile; fileRef = 9572E0D2140E118400713F45 /* PictureCue.m */; };
		9572E0DB140E118400713F45 /* Scene.m in Sources */ = {isa = PBXBuildFile; fileRef = 9572E0D4140E118400713F45 /* Scene.m */; };
		9572E0DC140E118400713F45 /* Show.m in Sources */ = {isa = PBXBuildFile; fileRef = 9572E0D6140E118400713F45 /* Show.m */; };
		9572E0E0140E11FF00713F45 /* ShowDAO.m in Sources */ = {isa = PBXBuildFile; fileRef = 9572E0DF140E11FF00713F45 /* ShowDAO.m */; };
		95DAE86814147FB20039201D /* ASIAuthenticationDialog.m in Sources */ = {isa = PBXBuildFile; fileRef = 95C82546140FC506003C9E49 /* ASIAuthenticationDialog.m */; };
		95DAE86A14147FB90039201D /* ASIDataCompressor.m in Sources */ = {isa = PBXBuildFile; fileRef = 95C82549140FC506003C9E49 /* ASIDataCompressor.m */; };
		95DAE86B14147FBC0039201D /* ASIDataDecompressor.m in Sources */ = {isa = PBXBuildFile; fileRef = 95C8254B140FC506003C9E49 /* ASIDataDecompressor.m */; };
		95DAE86C14147FBF0039201D /* ASIDownloadCache.m in Sources */ = {isa = PBXBuildFile; fileRef = 95C8254D140FC506003C9E49 /* ASIDownloadCache.m */; };
		95DAE86D14147FC20039201D /* ASIFormDataRequest.m in Sources */ = {isa = PBXBuildFile; fileRef = 95C8254F140FC506003C9E49 /* ASIFormDataRequest.m */; };
		95DAE86E14147FC40039201D /* ASIHTTPRequest.m in Sources */ = {isa = PBXBuildFile; fileRef = 95C82551140FC506003C9E49 /* ASIHTTPRequest.m */; };
		95DAE86F14147FD00039201D /* ASIInputStream.m in Sources */ = {isa = PBXBuildFile; fileRef = 95C82555140FC506003C9E49 /* ASIInputStream.m */; };
		95DAE87014147FD30039201D /* ASINetworkQueue.m in Sources */ = {isa = PBXBuildFile; fileRef = 95C82557140FC506003C9E49 /* ASINetworkQueue.m */; };
		95DAE876141480200039201D /* README-GHUnit in Resources */ = {isa = PBXBuildFile; fileRef = 95DAE8721414801F0039201D /* README-GHUnit */; };
		95DAE877141480200039201D /* Reachability.m in Sources */ = {isa = PBXBuildFile; fileRef = 95DAE875141480200039201D /* Reachability.m */; };
		95DAE87F141480F80039201D /* CFNetwork.framework in Frameworks */ = {isa = PBXBuildFile; fileRef = 95DAE87E141480F80039201D /* CFNetwork.framework */; };
		95DAE881141481160039201D /* MobileCoreServices.framework in Frameworks */ = {isa = PBXBuildFile; fileRef = 95DAE880141481160039201D /* MobileCoreServices.framework */; };
		95DAE883141481210039201D /* Security.framework in Frameworks */ = {isa = PBXBuildFile; fileRef = 95DAE882141481210039201D /* Security.framework */; };
		95DAE885141481310039201D /* SystemConfiguration.framework in Frameworks */ = {isa = PBXBuildFile; fileRef = 95DAE884141481300039201D /* SystemConfiguration.framework */; };
		95DAE887141481400039201D /* libxml2.dylib in Frameworks */ = {isa = PBXBuildFile; fileRef = 95DAE886141481400039201D /* libxml2.dylib */; };
		95DAE889141481480039201D /* libz.dylib in Frameworks */ = {isa = PBXBuildFile; fileRef = 95DAE888141481470039201D /* libz.dylib */; };
		95DAE8D9141495690039201D /* ioapi.c in Sources */ = {isa = PBXBuildFile; fileRef = 95DAE8CF141495690039201D /* ioapi.c */; };
		95DAE8DA141495690039201D /* mztools.c in Sources */ = {isa = PBXBuildFile; fileRef = 95DAE8D1141495690039201D /* mztools.c */; };
		95DAE8DB141495690039201D /* unzip.c in Sources */ = {isa = PBXBuildFile; fileRef = 95DAE8D3141495690039201D /* unzip.c */; };
		95DAE8DC141495690039201D /* zip.c in Sources */ = {isa = PBXBuildFile; fileRef = 95DAE8D5141495690039201D /* zip.c */; };
		95DAE8DD141495690039201D /* ZipArchive.m in Sources */ = {isa = PBXBuildFile; fileRef = 95DAE8D8141495690039201D /* ZipArchive.m */; };
		95DAE8EA1414A2AF0039201D /* DSActivityView.m in Sources */ = {isa = PBXBuildFile; fileRef = 95DAE8E91414A2AF0039201D /* DSActivityView.m */; };
		95DAE8F71414E8D50039201D /* ScenePlayer.m in Sources */ = {isa = PBXBuildFile; fileRef = 95DAE8F61414E8D50039201D /* ScenePlayer.m */; };
		95DAE91314188AC50039201D /* AudioEditingBottom.xib in Resources */ = {isa = PBXBuildFile; fileRef = 95DAE91214188AC50039201D /* AudioEditingBottom.xib */; };
		95DAE91614188B070039201D /* AudioEditingBottom.m in Sources */ = {isa = PBXBuildFile; fileRef = 95DAE91514188B060039201D /* AudioEditingBottom.m */; };
		ED75B7F913FE9C9700AFA08B /* scene.png in Resources */ = {isa = PBXBuildFile; fileRef = ED75B7F713FE9C9700AFA08B /* scene.png */; };
		ED8310D614090B280093BFF9 /* gfxoption.png in Resources */ = {isa = PBXBuildFile; fileRef = ED8310D514090B280093BFF9 /* gfxoption.png */; };
		EDA02935140BE83000358173 /* VideoViewController.m in Sources */ = {isa = PBXBuildFile; fileRef = EDA02933140BE83000358173 /* VideoViewController.m */; };
		EDA02936140BE83000358173 /* VideoViewController.xib in Resources */ = {isa = PBXBuildFile; fileRef = EDA02934140BE83000358173 /* VideoViewController.xib */; };
		EDA06CA013FEA5BA00ED4771 /* g1.png in Resources */ = {isa = PBXBuildFile; fileRef = EDA06C9813FEA5BA00ED4771 /* g1.png */; };
		EDA06CA113FEA5BA00ED4771 /* g2.png in Resources */ = {isa = PBXBuildFile; fileRef = EDA06C9913FEA5BA00ED4771 /* g2.png */; };
		EDA06CA213FEA5BA00ED4771 /* g3.png in Resources */ = {isa = PBXBuildFile; fileRef = EDA06C9A13FEA5BA00ED4771 /* g3.png */; };
		EDA06CA313FEA5BA00ED4771 /* g4.png in Resources */ = {isa = PBXBuildFile; fileRef = EDA06C9B13FEA5BA00ED4771 /* g4.png */; };
		EDA06CA413FEA5BA00ED4771 /* g5.png in Resources */ = {isa = PBXBuildFile; fileRef = EDA06C9C13FEA5BA00ED4771 /* g5.png */; };
		EDA06CA513FEA5BA00ED4771 /* g6.png in Resources */ = {isa = PBXBuildFile; fileRef = EDA06C9D13FEA5BA00ED4771 /* g6.png */; };
		EDA06CA613FEA5BA00ED4771 /* g7.png in Resources */ = {isa = PBXBuildFile; fileRef = EDA06C9E13FEA5BA00ED4771 /* g7.png */; };
		EDA06CA713FEA5BA00ED4771 /* g8.png in Resources */ = {isa = PBXBuildFile; fileRef = EDA06C9F13FEA5BA00ED4771 /* g8.png */; };
		EDA2A1C513F26F8400B64EA5 /* UIKit.framework in Frameworks */ = {isa = PBXBuildFile; fileRef = EDA2A1C413F26F8400B64EA5 /* UIKit.framework */; };
		EDA2A1C713F26F8400B64EA5 /* Foundation.framework in Frameworks */ = {isa = PBXBuildFile; fileRef = EDA2A1C613F26F8400B64EA5 /* Foundation.framework */; };
		EDA2A1C913F26F8400B64EA5 /* CoreGraphics.framework in Frameworks */ = {isa = PBXBuildFile; fileRef = EDA2A1C813F26F8400B64EA5 /* CoreGraphics.framework */; };
		EDA2A1CF13F26F8400B64EA5 /* InfoPlist.strings in Resources */ = {isa = PBXBuildFile; fileRef = EDA2A1CD13F26F8400B64EA5 /* InfoPlist.strings */; };
		EDA2A1D213F26F8400B64EA5 /* main.m in Sources */ = {isa = PBXBuildFile; fileRef = EDA2A1D113F26F8400B64EA5 /* main.m */; };
		EDA2A1D513F26F8400B64EA5 /* MMS_UIAppDelegate.m in Sources */ = {isa = PBXBuildFile; fileRef = EDA2A1D413F26F8400B64EA5 /* MMS_UIAppDelegate.m */; };
		EDA2A1D813F26F8400B64EA5 /* MainWindow.xib in Resources */ = {isa = PBXBuildFile; fileRef = EDA2A1D613F26F8400B64EA5 /* MainWindow.xib */; };
		EDA2A1DB13F26F8400B64EA5 /* MenuViewController.m in Sources */ = {isa = PBXBuildFile; fileRef = EDA2A1DA13F26F8400B64EA5 /* MenuViewController.m */; };
		EDA2A1DE13F26F8400B64EA5 /* MenuViewController.xib in Resources */ = {isa = PBXBuildFile; fileRef = EDA2A1DC13F26F8400B64EA5 /* MenuViewController.xib */; };
		EDA2A1E513F26F8400B64EA5 /* UIKit.framework in Frameworks */ = {isa = PBXBuildFile; fileRef = EDA2A1C413F26F8400B64EA5 /* UIKit.framework */; };
		EDA2A1E613F26F8400B64EA5 /* Foundation.framework in Frameworks */ = {isa = PBXBuildFile; fileRef = EDA2A1C613F26F8400B64EA5 /* Foundation.framework */; };
		EDA2A1E713F26F8400B64EA5 /* CoreGraphics.framework in Frameworks */ = {isa = PBXBuildFile; fileRef = EDA2A1C813F26F8400B64EA5 /* CoreGraphics.framework */; };
		EDA2A1EF13F26F8400B64EA5 /* InfoPlist.strings in Resources */ = {isa = PBXBuildFile; fileRef = EDA2A1ED13F26F8400B64EA5 /* InfoPlist.strings */; };
		EDA2A1F213F26F8400B64EA5 /* MMS_UITests.h in Resources */ = {isa = PBXBuildFile; fileRef = EDA2A1F113F26F8400B64EA5 /* MMS_UITests.h */; };
		EDA2A1F413F26F8500B64EA5 /* MMS_UITests.m in Sources */ = {isa = PBXBuildFile; fileRef = EDA2A1F313F26F8500B64EA5 /* MMS_UITests.m */; };
		EDA2A20313F2726100B64EA5 /* glee1.jpg in Resources */ = {isa = PBXBuildFile; fileRef = EDA2A20013F2726100B64EA5 /* glee1.jpg */; };
		EDA2A20413F2726100B64EA5 /* glee2.jpg in Resources */ = {isa = PBXBuildFile; fileRef = EDA2A20113F2726100B64EA5 /* glee2.jpg */; };
		EDA2A20513F2726100B64EA5 /* glee3.jpg in Resources */ = {isa = PBXBuildFile; fileRef = EDA2A20213F2726100B64EA5 /* glee3.jpg */; };
		EDA2A20913F2726B00B64EA5 /* edit.png in Resources */ = {isa = PBXBuildFile; fileRef = EDA2A20613F2726B00B64EA5 /* edit.png */; };
		EDA2A20A13F2726B00B64EA5 /* new.png in Resources */ = {isa = PBXBuildFile; fileRef = EDA2A20713F2726B00B64EA5 /* new.png */; };
		EDA2A20B13F2726B00B64EA5 /* play.png in Resources */ = {isa = PBXBuildFile; fileRef = EDA2A20813F2726B00B64EA5 /* play.png */; };
		EDA2A20E13F272BF00B64EA5 /* ShowImage.m in Sources */ = {isa = PBXBuildFile; fileRef = EDA2A20D13F272BF00B64EA5 /* ShowImage.m */; };
		EDA363A9140230FC00E93779 /* home.png in Resources */ = {isa = PBXBuildFile; fileRef = EDA363A8140230FC00E93779 /* home.png */; };
		EDAB95AD140A27800088C1CE /* back.png in Resources */ = {isa = PBXBuildFile; fileRef = EDAB95A7140A27800088C1CE /* back.png */; };
		EDAB95AE140A27800088C1CE /* camera.png in Resources */ = {isa = PBXBuildFile; fileRef = EDAB95A8140A27800088C1CE /* camera.png */; };
		EDAB95AF140A27800088C1CE /* empty textbox right.png in Resources */ = {isa = PBXBuildFile; fileRef = EDAB95A9140A27800088C1CE /* empty textbox right.png */; };
		EDAB95B0140A27800088C1CE /* empty textbox.png in Resources */ = {isa = PBXBuildFile; fileRef = EDAB95AA140A27800088C1CE /* empty textbox.png */; };
		EDAB95B1140A27800088C1CE /* folder.png in Resources */ = {isa = PBXBuildFile; fileRef = EDAB95AB140A27800088C1CE /* folder.png */; };
		EDAB95B2140A27800088C1CE /* vocal.png in Resources */ = {isa = PBXBuildFile; fileRef = EDAB95AC140A27800088C1CE /* vocal.png */; };
		EDAEB37413FE713E0064F8C3 /* gleeCover.jpg in Resources */ = {isa = PBXBuildFile; fileRef = EDAEB37113FE713E0064F8C3 /* gleeCover.jpg */; };
		EDAEB37513FE713E0064F8C3 /* hsmCover.jpg in Resources */ = {isa = PBXBuildFile; fileRef = EDAEB37213FE713E0064F8C3 /* hsmCover.jpg */; };
		EDAEB37613FE713E0064F8C3 /* wickedCover.jpg in Resources */ = {isa = PBXBuildFile; fileRef = EDAEB37313FE713E0064F8C3 /* wickedCover.jpg */; };
		EDAEB38613FE75810064F8C3 /* gleeS1.jpeg in Resources */ = {isa = PBXBuildFile; fileRef = EDAEB37913FE75810064F8C3 /* gleeS1.jpeg */; };
		EDAEB38713FE75810064F8C3 /* gleeS2.jpeg in Resources */ = {isa = PBXBuildFile; fileRef = EDAEB37A13FE75810064F8C3 /* gleeS2.jpeg */; };
		EDAEB38813FE75810064F8C3 /* gleeS3.jpeg in Resources */ = {isa = PBXBuildFile; fileRef = EDAEB37B13FE75810064F8C3 /* gleeS3.jpeg */; };
		EDAEB38913FE75810064F8C3 /* gleeS4.jpeg in Resources */ = {isa = PBXBuildFile; fileRef = EDAEB37C13FE75810064F8C3 /* gleeS4.jpeg */; };
		EDAEB38A13FE75810064F8C3 /* gleeS5.jpeg in Resources */ = {isa = PBXBuildFile; fileRef = EDAEB37D13FE75810064F8C3 /* gleeS5.jpeg */; };
		EDAEB38B13FE75810064F8C3 /* hsmS1.jpeg in Resources */ = {isa = PBXBuildFile; fileRef = EDAEB37E13FE75810064F8C3 /* hsmS1.jpeg */; };
		EDAEB38C13FE75810064F8C3 /* hsmS2.jpeg in Resources */ = {isa = PBXBuildFile; fileRef = EDAEB37F13FE75810064F8C3 /* hsmS2.jpeg */; };
		EDAEB38D13FE75810064F8C3 /* hsmS3.jpeg in Resources */ = {isa = PBXBuildFile; fileRef = EDAEB38013FE75810064F8C3 /* hsmS3.jpeg */; };
		EDAEB38E13FE75810064F8C3 /* wickedS1.jpeg in Resources */ = {isa = PBXBuildFile; fileRef = EDAEB38113FE75810064F8C3 /* wickedS1.jpeg */; };
		EDAEB38F13FE75810064F8C3 /* wickedS2.jpeg in Resources */ = {isa = PBXBuildFile; fileRef = EDAEB38213FE75810064F8C3 /* wickedS2.jpeg */; };
		EDAEB39013FE75810064F8C3 /* wickedS3.jpeg in Resources */ = {isa = PBXBuildFile; fileRef = EDAEB38313FE75810064F8C3 /* wickedS3.jpeg */; };
		EDAEB39113FE75810064F8C3 /* wickedS4.jpeg in Resources */ = {isa = PBXBuildFile; fileRef = EDAEB38413FE75810064F8C3 /* wickedS4.jpeg */; };
		EDAEB39213FE75810064F8C3 /* wickedS5.jpeg in Resources */ = {isa = PBXBuildFile; fileRef = EDAEB38513FE75810064F8C3 /* wickedS5.jpeg */; };
		EDB9C5EE1402651500434223 /* picture.png in Resources */ = {isa = PBXBuildFile; fileRef = EDB9C5ED1402651500434223 /* picture.png */; };
		EDC5CC3213F6260400EAF813 /* PlaybackViewController.m in Sources */ = {isa = PBXBuildFile; fileRef = EDC5CC3013F6260400EAF813 /* PlaybackViewController.m */; };
		EDC5CC3313F6260400EAF813 /* PlaybackViewController.xib in Resources */ = {isa = PBXBuildFile; fileRef = EDC5CC3113F6260400EAF813 /* PlaybackViewController.xib */; };
		EDC5CC3813F6261500EAF813 /* CoverViewController.m in Sources */ = {isa = PBXBuildFile; fileRef = EDC5CC3613F6261500EAF813 /* CoverViewController.m */; };
		EDC5CC3913F6261500EAF813 /* CoverViewConroller.xib in Resources */ = {isa = PBXBuildFile; fileRef = EDC5CC3713F6261500EAF813 /* CoverViewConroller.xib */; };
		EDC5CC3D13F6269300EAF813 /* EditViewController.m in Sources */ = {isa = PBXBuildFile; fileRef = EDC5CC3B13F6269300EAF813 /* EditViewController.m */; };
		EDC5CC3E13F6269300EAF813 /* EditViewController.xib in Resources */ = {isa = PBXBuildFile; fileRef = EDC5CC3C13F6269300EAF813 /* EditViewController.xib */; };
/* End PBXBuildFile section */

/* Begin PBXContainerItemProxy section */
		EDA2A1E813F26F8400B64EA5 /* PBXContainerItemProxy */ = {
			isa = PBXContainerItemProxy;
			containerPortal = EDA2A1B713F26F8300B64EA5 /* Project object */;
			proxyType = 1;
			remoteGlobalIDString = EDA2A1BF13F26F8400B64EA5;
			remoteInfo = "MMS-UI";
		};
/* End PBXContainerItemProxy section */

/* Begin PBXFileReference section */
		6472FC2B14127DDE00837069 /* HiddenView.h */ = {isa = PBXFileReference; fileEncoding = 4; lastKnownFileType = sourcecode.c.h; path = HiddenView.h; sourceTree = "<group>"; };
		6472FC2C14127DDE00837069 /* HiddenView.m */ = {isa = PBXFileReference; fileEncoding = 4; lastKnownFileType = sourcecode.c.objc; path = HiddenView.m; sourceTree = "<group>"; };
		820511BC13F3BB9B0016F87E /* SceneViewController.h */ = {isa = PBXFileReference; fileEncoding = 4; lastKnownFileType = sourcecode.c.h; path = SceneViewController.h; sourceTree = "<group>"; };
		820511BD13F3BB9B0016F87E /* SceneViewController.m */ = {isa = PBXFileReference; fileEncoding = 4; lastKnownFileType = sourcecode.c.objc; path = SceneViewController.m; sourceTree = "<group>"; };
		820511BE13F3BB9B0016F87E /* SceneViewController.xib */ = {isa = PBXFileReference; fileEncoding = 4; lastKnownFileType = file.xib; path = SceneViewController.xib; sourceTree = "<group>"; };
		820E2A1B140A0A1E00B80BBC /* AudioToolbox.framework */ = {isa = PBXFileReference; lastKnownFileType = wrapper.framework; name = AudioToolbox.framework; path = System/Library/Frameworks/AudioToolbox.framework; sourceTree = SDKROOT; };
		820E2A1F140A0A3E00B80BBC /* MixPlayerRecorder.h */ = {isa = PBXFileReference; fileEncoding = 4; lastKnownFileType = sourcecode.c.h; name = MixPlayerRecorder.h; path = ../../../../Libraries/MixPlayerRecorder.h; sourceTree = "<group>"; };
		820E2A20140A0A3E00B80BBC /* MixPlayerRecorder.m */ = {isa = PBXFileReference; fileEncoding = 4; lastKnownFileType = sourcecode.c.objc; name = MixPlayerRecorder.m; path = ../../../../Libraries/MixPlayerRecorder.m; sourceTree = "<group>"; };
		820E2A21140A0A3E00B80BBC /* ASBDHelper.c */ = {isa = PBXFileReference; fileEncoding = 4; lastKnownFileType = sourcecode.c.c; name = ASBDHelper.c; path = ../../../../Libraries/ASBDHelper.c; sourceTree = "<group>"; };
		820E2A22140A0A3E00B80BBC /* ASBDHelper.h */ = {isa = PBXFileReference; fileEncoding = 4; lastKnownFileType = sourcecode.c.h; name = ASBDHelper.h; path = ../../../../Libraries/ASBDHelper.h; sourceTree = "<group>"; };
		820E2A23140A0A3E00B80BBC /* AudioFileRingBuffer.h */ = {isa = PBXFileReference; fileEncoding = 4; lastKnownFileType = sourcecode.c.h; name = AudioFileRingBuffer.h; path = ../../../../Libraries/AudioFileRingBuffer.h; sourceTree = "<group>"; };
		820E2A24140A0A3E00B80BBC /* AudioFileRingBuffer.m */ = {isa = PBXFileReference; fileEncoding = 4; lastKnownFileType = sourcecode.c.objc; name = AudioFileRingBuffer.m; path = ../../../../Libraries/AudioFileRingBuffer.m; sourceTree = "<group>"; };
		820E2A25140A0A3E00B80BBC /* BoomzAUOutputCapturer.h */ = {isa = PBXFileReference; fileEncoding = 4; lastKnownFileType = sourcecode.c.h; name = BoomzAUOutputCapturer.h; path = ../../../../Libraries/BoomzAUOutputCapturer.h; sourceTree = "<group>"; };
		820E2A26140A0A3E00B80BBC /* BoomzAUOutputCapturer.m */ = {isa = PBXFileReference; fileEncoding = 4; lastKnownFileType = sourcecode.c.objc; name = BoomzAUOutputCapturer.m; path = ../../../../Libraries/BoomzAUOutputCapturer.m; sourceTree = "<group>"; };
		820E2A27140A0A3E00B80BBC /* CAErrorHandling.c */ = {isa = PBXFileReference; fileEncoding = 4; lastKnownFileType = sourcecode.c.c; name = CAErrorHandling.c; path = ../../../../Libraries/CAErrorHandling.c; sourceTree = "<group>"; };
		820E2A28140A0A3E00B80BBC /* CAErrorHandling.h */ = {isa = PBXFileReference; fileEncoding = 4; lastKnownFileType = sourcecode.c.h; name = CAErrorHandling.h; path = ../../../../Libraries/CAErrorHandling.h; sourceTree = "<group>"; };
		820E2A29140A0A3E00B80BBC /* TPCircularBuffer.c */ = {isa = PBXFileReference; fileEncoding = 4; lastKnownFileType = sourcecode.c.c; name = TPCircularBuffer.c; path = ../../../../Libraries/TPCircularBuffer.c; sourceTree = "<group>"; };
		820E2A2A140A0A3E00B80BBC /* TPCircularBuffer.h */ = {isa = PBXFileReference; fileEncoding = 4; lastKnownFileType = sourcecode.c.h; name = TPCircularBuffer.h; path = ../../../../Libraries/TPCircularBuffer.h; sourceTree = "<group>"; };
		820E2A31140A0A8E00B80BBC /* AudioViewController.h */ = {isa = PBXFileReference; fileEncoding = 4; lastKnownFileType = sourcecode.c.h; name = AudioViewController.h; path = ../../../FourthAttempt/FourthAttempt/AudioViewController.h; sourceTree = "<group>"; };
		820E2A32140A0A8E00B80BBC /* AudioViewController.m */ = {isa = PBXFileReference; fileEncoding = 4; lastKnownFileType = sourcecode.c.objc; name = AudioViewController.m; path = ../../../FourthAttempt/FourthAttempt/AudioViewController.m; sourceTree = "<group>"; };
		820E2A34140A0A8E00B80BBC /* en */ = {isa = PBXFileReference; lastKnownFileType = file.xib; name = en; path = ../../../FourthAttempt/FourthAttempt/en.lproj/AudioViewController.xib; sourceTree = "<group>"; };
		82A21EB8140A388C008C26FB /* bass.mp3 */ = {isa = PBXFileReference; lastKnownFileType = audio.mp3; path = bass.mp3; sourceTree = "<group>"; };
		82A21EB9140A388C008C26FB /* drums.mp3 */ = {isa = PBXFileReference; lastKnownFileType = audio.mp3; path = drums.mp3; sourceTree = "<group>"; };
		82A21EBA140A388C008C26FB /* guitar.mp3 */ = {isa = PBXFileReference; lastKnownFileType = audio.mp3; path = guitar.mp3; sourceTree = "<group>"; };
		82A21EBB140A388C008C26FB /* keys.mp3 */ = {isa = PBXFileReference; lastKnownFileType = audio.mp3; path = keys.mp3; sourceTree = "<group>"; };
		82A21EBC140A388C008C26FB /* vocals.mp3 */ = {isa = PBXFileReference; lastKnownFileType = audio.mp3; path = vocals.mp3; sourceTree = "<group>"; };
		9572E0CB140E118400713F45 /* AudioCue.h */ = {isa = PBXFileReference; fileEncoding = 4; lastKnownFileType = sourcecode.c.h; path = AudioCue.h; sourceTree = "<group>"; };
		9572E0CC140E118400713F45 /* AudioCue.m */ = {isa = PBXFileReference; fileEncoding = 4; lastKnownFileType = sourcecode.c.objc; path = AudioCue.m; sourceTree = "<group>"; };
		9572E0CD140E118400713F45 /* Audio.h */ = {isa = PBXFileReference; fileEncoding = 4; lastKnownFileType = sourcecode.c.h; path = Audio.h; sourceTree = "<group>"; };
		9572E0CE140E118400713F45 /* Audio.m */ = {isa = PBXFileReference; fileEncoding = 4; lastKnownFileType = sourcecode.c.objc; path = Audio.m; sourceTree = "<group>"; };
		9572E0CF140E118400713F45 /* Picture.h */ = {isa = PBXFileReference; fileEncoding = 4; lastKnownFileType = sourcecode.c.h; path = Picture.h; sourceTree = "<group>"; };
		9572E0D0140E118400713F45 /* Picture.m */ = {isa = PBXFileReference; fileEncoding = 4; lastKnownFileType = sourcecode.c.objc; path = Picture.m; sourceTree = "<group>"; };
		9572E0D1140E118400713F45 /* PictureCue.h */ = {isa = PBXFileReference; fileEncoding = 4; lastKnownFileType = sourcecode.c.h; path = PictureCue.h; sourceTree = "<group>"; };
		9572E0D2140E118400713F45 /* PictureCue.m */ = {isa = PBXFileReference; fileEncoding = 4; lastKnownFileType = sourcecode.c.objc; path = PictureCue.m; sourceTree = "<group>"; };
		9572E0D3140E118400713F45 /* Scene.h */ = {isa = PBXFileReference; fileEncoding = 4; lastKnownFileType = sourcecode.c.h; path = Scene.h; sourceTree = "<group>"; };
		9572E0D4140E118400713F45 /* Scene.m */ = {isa = PBXFileReference; fileEncoding = 4; lastKnownFileType = sourcecode.c.objc; path = Scene.m; sourceTree = "<group>"; };
		9572E0D5140E118400713F45 /* Show.h */ = {isa = PBXFileReference; fileEncoding = 4; lastKnownFileType = sourcecode.c.h; path = Show.h; sourceTree = "<group>"; };
		9572E0D6140E118400713F45 /* Show.m */ = {isa = PBXFileReference; fileEncoding = 4; lastKnownFileType = sourcecode.c.objc; path = Show.m; sourceTree = "<group>"; };
		9572E0DE140E11FF00713F45 /* ShowDAO.h */ = {isa = PBXFileReference; fileEncoding = 4; lastKnownFileType = sourcecode.c.h; path = ShowDAO.h; sourceTree = "<group>"; };
		9572E0DF140E11FF00713F45 /* ShowDAO.m */ = {isa = PBXFileReference; fileEncoding = 4; lastKnownFileType = sourcecode.c.objc; path = ShowDAO.m; sourceTree = "<group>"; };
		95C82545140FC506003C9E49 /* ASIAuthenticationDialog.h */ = {isa = PBXFileReference; fileEncoding = 4; lastKnownFileType = sourcecode.c.h; path = ASIAuthenticationDialog.h; sourceTree = "<group>"; };
		95C82546140FC506003C9E49 /* ASIAuthenticationDialog.m */ = {isa = PBXFileReference; fileEncoding = 4; lastKnownFileType = sourcecode.c.objc; path = ASIAuthenticationDialog.m; sourceTree = "<group>"; };
		95C82547140FC506003C9E49 /* ASICacheDelegate.h */ = {isa = PBXFileReference; fileEncoding = 4; lastKnownFileType = sourcecode.c.h; path = ASICacheDelegate.h; sourceTree = "<group>"; };
		95C82548140FC506003C9E49 /* ASIDataCompressor.h */ = {isa = PBXFileReference; fileEncoding = 4; lastKnownFileType = sourcecode.c.h; path = ASIDataCompressor.h; sourceTree = "<group>"; };
		95C82549140FC506003C9E49 /* ASIDataCompressor.m */ = {isa = PBXFileReference; fileEncoding = 4; lastKnownFileType = sourcecode.c.objc; path = ASIDataCompressor.m; sourceTree = "<group>"; };
		95C8254A140FC506003C9E49 /* ASIDataDecompressor.h */ = {isa = PBXFileReference; fileEncoding = 4; lastKnownFileType = sourcecode.c.h; path = ASIDataDecompressor.h; sourceTree = "<group>"; };
		95C8254B140FC506003C9E49 /* ASIDataDecompressor.m */ = {isa = PBXFileReference; fileEncoding = 4; lastKnownFileType = sourcecode.c.objc; path = ASIDataDecompressor.m; sourceTree = "<group>"; };
		95C8254C140FC506003C9E49 /* ASIDownloadCache.h */ = {isa = PBXFileReference; fileEncoding = 4; lastKnownFileType = sourcecode.c.h; path = ASIDownloadCache.h; sourceTree = "<group>"; };
		95C8254D140FC506003C9E49 /* ASIDownloadCache.m */ = {isa = PBXFileReference; fileEncoding = 4; lastKnownFileType = sourcecode.c.objc; path = ASIDownloadCache.m; sourceTree = "<group>"; };
		95C8254E140FC506003C9E49 /* ASIFormDataRequest.h */ = {isa = PBXFileReference; fileEncoding = 4; lastKnownFileType = sourcecode.c.h; path = ASIFormDataRequest.h; sourceTree = "<group>"; };
		95C8254F140FC506003C9E49 /* ASIFormDataRequest.m */ = {isa = PBXFileReference; fileEncoding = 4; lastKnownFileType = sourcecode.c.objc; path = ASIFormDataRequest.m; sourceTree = "<group>"; };
		95C82550140FC506003C9E49 /* ASIHTTPRequest.h */ = {isa = PBXFileReference; fileEncoding = 4; lastKnownFileType = sourcecode.c.h; path = ASIHTTPRequest.h; sourceTree = "<group>"; };
		95C82551140FC506003C9E49 /* ASIHTTPRequest.m */ = {isa = PBXFileReference; fileEncoding = 4; lastKnownFileType = sourcecode.c.objc; path = ASIHTTPRequest.m; sourceTree = "<group>"; };
		95C82552140FC506003C9E49 /* ASIHTTPRequestConfig.h */ = {isa = PBXFileReference; fileEncoding = 4; lastKnownFileType = sourcecode.c.h; path = ASIHTTPRequestConfig.h; sourceTree = "<group>"; };
		95C82553140FC506003C9E49 /* ASIHTTPRequestDelegate.h */ = {isa = PBXFileReference; fileEncoding = 4; lastKnownFileType = sourcecode.c.h; path = ASIHTTPRequestDelegate.h; sourceTree = "<group>"; };
		95C82554140FC506003C9E49 /* ASIInputStream.h */ = {isa = PBXFileReference; fileEncoding = 4; lastKnownFileType = sourcecode.c.h; path = ASIInputStream.h; sourceTree = "<group>"; };
		95C82555140FC506003C9E49 /* ASIInputStream.m */ = {isa = PBXFileReference; fileEncoding = 4; lastKnownFileType = sourcecode.c.objc; path = ASIInputStream.m; sourceTree = "<group>"; };
		95C82556140FC506003C9E49 /* ASINetworkQueue.h */ = {isa = PBXFileReference; fileEncoding = 4; lastKnownFileType = sourcecode.c.h; path = ASINetworkQueue.h; sourceTree = "<group>"; };
		95C82557140FC506003C9E49 /* ASINetworkQueue.m */ = {isa = PBXFileReference; fileEncoding = 4; lastKnownFileType = sourcecode.c.objc; path = ASINetworkQueue.m; sourceTree = "<group>"; };
		95C82558140FC506003C9E49 /* ASIProgressDelegate.h */ = {isa = PBXFileReference; fileEncoding = 4; lastKnownFileType = sourcecode.c.h; path = ASIProgressDelegate.h; sourceTree = "<group>"; };
		95DAE8721414801F0039201D /* README-GHUnit */ = {isa = PBXFileReference; fileEncoding = 4; lastKnownFileType = text; path = "README-GHUnit"; sourceTree = "<group>"; };
		95DAE874141480200039201D /* Reachability.h */ = {isa = PBXFileReference; fileEncoding = 4; lastKnownFileType = sourcecode.c.h; path = Reachability.h; sourceTree = "<group>"; };
		95DAE875141480200039201D /* Reachability.m */ = {isa = PBXFileReference; fileEncoding = 4; lastKnownFileType = sourcecode.c.objc; path = Reachability.m; sourceTree = "<group>"; };
		95DAE87E141480F80039201D /* CFNetwork.framework */ = {isa = PBXFileReference; lastKnownFileType = wrapper.framework; name = CFNetwork.framework; path = System/Library/Frameworks/CFNetwork.framework; sourceTree = SDKROOT; };
		95DAE880141481160039201D /* MobileCoreServices.framework */ = {isa = PBXFileReference; lastKnownFileType = wrapper.framework; name = MobileCoreServices.framework; path = System/Library/Frameworks/MobileCoreServices.framework; sourceTree = SDKROOT; };
		95DAE882141481210039201D /* Security.framework */ = {isa = PBXFileReference; lastKnownFileType = wrapper.framework; name = Security.framework; path = System/Library/Frameworks/Security.framework; sourceTree = SDKROOT; };
		95DAE884141481300039201D /* SystemConfiguration.framework */ = {isa = PBXFileReference; lastKnownFileType = wrapper.framework; name = SystemConfiguration.framework; path = System/Library/Frameworks/SystemConfiguration.framework; sourceTree = SDKROOT; };
		95DAE886141481400039201D /* libxml2.dylib */ = {isa = PBXFileReference; lastKnownFileType = "compiled.mach-o.dylib"; name = libxml2.dylib; path = usr/lib/libxml2.dylib; sourceTree = SDKROOT; };
		95DAE888141481470039201D /* libz.dylib */ = {isa = PBXFileReference; lastKnownFileType = "compiled.mach-o.dylib"; name = libz.dylib; path = usr/lib/libz.dylib; sourceTree = SDKROOT; };
		95DAE8CE141495690039201D /* crypt.h */ = {isa = PBXFileReference; fileEncoding = 4; lastKnownFileType = sourcecode.c.h; path = crypt.h; sourceTree = "<group>"; };
		95DAE8CF141495690039201D /* ioapi.c */ = {isa = PBXFileReference; fileEncoding = 4; lastKnownFileType = sourcecode.c.c; path = ioapi.c; sourceTree = "<group>"; };
		95DAE8D0141495690039201D /* ioapi.h */ = {isa = PBXFileReference; fileEncoding = 4; lastKnownFileType = sourcecode.c.h; path = ioapi.h; sourceTree = "<group>"; };
		95DAE8D1141495690039201D /* mztools.c */ = {isa = PBXFileReference; fileEncoding = 4; lastKnownFileType = sourcecode.c.c; path = mztools.c; sourceTree = "<group>"; };
		95DAE8D2141495690039201D /* mztools.h */ = {isa = PBXFileReference; fileEncoding = 4; lastKnownFileType = sourcecode.c.h; path = mztools.h; sourceTree = "<group>"; };
		95DAE8D3141495690039201D /* unzip.c */ = {isa = PBXFileReference; fileEncoding = 4; lastKnownFileType = sourcecode.c.c; path = unzip.c; sourceTree = "<group>"; };
		95DAE8D4141495690039201D /* unzip.h */ = {isa = PBXFileReference; fileEncoding = 4; lastKnownFileType = sourcecode.c.h; path = unzip.h; sourceTree = "<group>"; };
		95DAE8D5141495690039201D /* zip.c */ = {isa = PBXFileReference; fileEncoding = 4; lastKnownFileType = sourcecode.c.c; path = zip.c; sourceTree = "<group>"; };
		95DAE8D6141495690039201D /* zip.h */ = {isa = PBXFileReference; fileEncoding = 4; lastKnownFileType = sourcecode.c.h; path = zip.h; sourceTree = "<group>"; };
		95DAE8D7141495690039201D /* ZipArchive.h */ = {isa = PBXFileReference; fileEncoding = 4; lastKnownFileType = sourcecode.c.h; path = ZipArchive.h; sourceTree = "<group>"; };
		95DAE8D8141495690039201D /* ZipArchive.m */ = {isa = PBXFileReference; fileEncoding = 4; lastKnownFileType = sourcecode.c.objc; path = ZipArchive.m; sourceTree = "<group>"; };
		95DAE8E81414A2AF0039201D /* DSActivityView.h */ = {isa = PBXFileReference; fileEncoding = 4; lastKnownFileType = sourcecode.c.h; path = DSActivityView.h; sourceTree = "<group>"; };
		95DAE8E91414A2AF0039201D /* DSActivityView.m */ = {isa = PBXFileReference; fileEncoding = 4; lastKnownFileType = sourcecode.c.objc; path = DSActivityView.m; sourceTree = "<group>"; };
		95DAE8F51414E8D50039201D /* ScenePlayer.h */ = {isa = PBXFileReference; fileEncoding = 4; lastKnownFileType = sourcecode.c.h; path = ScenePlayer.h; sourceTree = "<group>"; };
		95DAE8F61414E8D50039201D /* ScenePlayer.m */ = {isa = PBXFileReference; fileEncoding = 4; lastKnownFileType = sourcecode.c.objc; path = ScenePlayer.m; sourceTree = "<group>"; };
		95DAE91214188AC50039201D /* AudioEditingBottom.xib */ = {isa = PBXFileReference; fileEncoding = 4; lastKnownFileType = file.xib; path = AudioEditingBottom.xib; sourceTree = "<group>"; };
		95DAE91414188B060039201D /* AudioEditingBottom.h */ = {isa = PBXFileReference; fileEncoding = 4; lastKnownFileType = sourcecode.c.h; path = AudioEditingBottom.h; sourceTree = "<group>"; };
		95DAE91514188B060039201D /* AudioEditingBottom.m */ = {isa = PBXFileReference; fileEncoding = 4; lastKnownFileType = sourcecode.c.objc; path = AudioEditingBottom.m; sourceTree = "<group>"; };
		ED75B7F713FE9C9700AFA08B /* scene.png */ = {isa = PBXFileReference; lastKnownFileType = image.png; name = scene.png; path = Images/Buttons/scene.png; sourceTree = SOURCE_ROOT; };
		ED8310D514090B280093BFF9 /* gfxoption.png */ = {isa = PBXFileReference; lastKnownFileType = image.png; name = gfxoption.png; path = Images/Buttons/gfxoption.png; sourceTree = SOURCE_ROOT; };
		EDA02932140BE83000358173 /* VideoViewController.h */ = {isa = PBXFileReference; fileEncoding = 4; lastKnownFileType = sourcecode.c.h; path = VideoViewController.h; sourceTree = "<group>"; };
		EDA02933140BE83000358173 /* VideoViewController.m */ = {isa = PBXFileReference; fileEncoding = 4; lastKnownFileType = sourcecode.c.objc; path = VideoViewController.m; sourceTree = "<group>"; };
		EDA02934140BE83000358173 /* VideoViewController.xib */ = {isa = PBXFileReference; fileEncoding = 4; lastKnownFileType = file.xib; path = VideoViewController.xib; sourceTree = "<group>"; };
		EDA06C9813FEA5BA00ED4771 /* g1.png */ = {isa = PBXFileReference; lastKnownFileType = image.png; name = g1.png; path = "Images/Scene Images/g1.png"; sourceTree = SOURCE_ROOT; };
		EDA06C9913FEA5BA00ED4771 /* g2.png */ = {isa = PBXFileReference; lastKnownFileType = image.png; name = g2.png; path = "Images/Scene Images/g2.png"; sourceTree = SOURCE_ROOT; };
		EDA06C9A13FEA5BA00ED4771 /* g3.png */ = {isa = PBXFileReference; lastKnownFileType = image.png; name = g3.png; path = "Images/Scene Images/g3.png"; sourceTree = SOURCE_ROOT; };
		EDA06C9B13FEA5BA00ED4771 /* g4.png */ = {isa = PBXFileReference; lastKnownFileType = image.png; name = g4.png; path = "Images/Scene Images/g4.png"; sourceTree = SOURCE_ROOT; };
		EDA06C9C13FEA5BA00ED4771 /* g5.png */ = {isa = PBXFileReference; lastKnownFileType = image.png; name = g5.png; path = "Images/Scene Images/g5.png"; sourceTree = SOURCE_ROOT; };
		EDA06C9D13FEA5BA00ED4771 /* g6.png */ = {isa = PBXFileReference; lastKnownFileType = image.png; name = g6.png; path = "Images/Scene Images/g6.png"; sourceTree = SOURCE_ROOT; };
		EDA06C9E13FEA5BA00ED4771 /* g7.png */ = {isa = PBXFileReference; lastKnownFileType = image.png; name = g7.png; path = "Images/Scene Images/g7.png"; sourceTree = SOURCE_ROOT; };
		EDA06C9F13FEA5BA00ED4771 /* g8.png */ = {isa = PBXFileReference; lastKnownFileType = image.png; name = g8.png; path = "Images/Scene Images/g8.png"; sourceTree = SOURCE_ROOT; };
		EDA2A1C013F26F8400B64EA5 /* MMS-UI.app */ = {isa = PBXFileReference; explicitFileType = wrapper.application; includeInIndex = 0; path = "MMS-UI.app"; sourceTree = BUILT_PRODUCTS_DIR; };
		EDA2A1C413F26F8400B64EA5 /* UIKit.framework */ = {isa = PBXFileReference; lastKnownFileType = wrapper.framework; name = UIKit.framework; path = System/Library/Frameworks/UIKit.framework; sourceTree = SDKROOT; };
		EDA2A1C613F26F8400B64EA5 /* Foundation.framework */ = {isa = PBXFileReference; lastKnownFileType = wrapper.framework; name = Foundation.framework; path = System/Library/Frameworks/Foundation.framework; sourceTree = SDKROOT; };
		EDA2A1C813F26F8400B64EA5 /* CoreGraphics.framework */ = {isa = PBXFileReference; lastKnownFileType = wrapper.framework; name = CoreGraphics.framework; path = System/Library/Frameworks/CoreGraphics.framework; sourceTree = SDKROOT; };
		EDA2A1CC13F26F8400B64EA5 /* MMS-UI-Info.plist */ = {isa = PBXFileReference; lastKnownFileType = text.plist.xml; path = "MMS-UI-Info.plist"; sourceTree = "<group>"; };
		EDA2A1CE13F26F8400B64EA5 /* en */ = {isa = PBXFileReference; lastKnownFileType = text.plist.strings; name = en; path = en.lproj/InfoPlist.strings; sourceTree = "<group>"; };
		EDA2A1D013F26F8400B64EA5 /* MMS-UI-Prefix.pch */ = {isa = PBXFileReference; lastKnownFileType = sourcecode.c.h; path = "MMS-UI-Prefix.pch"; sourceTree = "<group>"; };
		EDA2A1D113F26F8400B64EA5 /* main.m */ = {isa = PBXFileReference; lastKnownFileType = sourcecode.c.objc; path = main.m; sourceTree = "<group>"; };
		EDA2A1D313F26F8400B64EA5 /* MMS_UIAppDelegate.h */ = {isa = PBXFileReference; lastKnownFileType = sourcecode.c.h; path = MMS_UIAppDelegate.h; sourceTree = "<group>"; };
		EDA2A1D413F26F8400B64EA5 /* MMS_UIAppDelegate.m */ = {isa = PBXFileReference; lastKnownFileType = sourcecode.c.objc; path = MMS_UIAppDelegate.m; sourceTree = "<group>"; };
		EDA2A1D713F26F8400B64EA5 /* en */ = {isa = PBXFileReference; lastKnownFileType = file.xib; name = en; path = en.lproj/MainWindow.xib; sourceTree = "<group>"; };
		EDA2A1D913F26F8400B64EA5 /* MenuViewController.h */ = {isa = PBXFileReference; lastKnownFileType = sourcecode.c.h; path = MenuViewController.h; sourceTree = "<group>"; };
		EDA2A1DA13F26F8400B64EA5 /* MenuViewController.m */ = {isa = PBXFileReference; lastKnownFileType = sourcecode.c.objc; path = MenuViewController.m; sourceTree = "<group>"; };
		EDA2A1DD13F26F8400B64EA5 /* en */ = {isa = PBXFileReference; lastKnownFileType = file.xib; name = en; path = en.lproj/MenuViewController.xib; sourceTree = "<group>"; };
		EDA2A1E413F26F8400B64EA5 /* MMS-UITests.octest */ = {isa = PBXFileReference; explicitFileType = wrapper.cfbundle; includeInIndex = 0; path = "MMS-UITests.octest"; sourceTree = BUILT_PRODUCTS_DIR; };
		EDA2A1EC13F26F8400B64EA5 /* MMS-UITests-Info.plist */ = {isa = PBXFileReference; lastKnownFileType = text.plist.xml; path = "MMS-UITests-Info.plist"; sourceTree = "<group>"; };
		EDA2A1EE13F26F8400B64EA5 /* en */ = {isa = PBXFileReference; lastKnownFileType = text.plist.strings; name = en; path = en.lproj/InfoPlist.strings; sourceTree = "<group>"; };
		EDA2A1F013F26F8400B64EA5 /* MMS-UITests-Prefix.pch */ = {isa = PBXFileReference; lastKnownFileType = sourcecode.c.h; path = "MMS-UITests-Prefix.pch"; sourceTree = "<group>"; };
		EDA2A1F113F26F8400B64EA5 /* MMS_UITests.h */ = {isa = PBXFileReference; lastKnownFileType = sourcecode.c.h; path = MMS_UITests.h; sourceTree = "<group>"; };
		EDA2A1F313F26F8500B64EA5 /* MMS_UITests.m */ = {isa = PBXFileReference; lastKnownFileType = sourcecode.c.objc; path = MMS_UITests.m; sourceTree = "<group>"; };
		EDA2A20013F2726100B64EA5 /* glee1.jpg */ = {isa = PBXFileReference; lastKnownFileType = image.jpeg; name = glee1.jpg; path = "Images/Musical Images/glee1.jpg"; sourceTree = SOURCE_ROOT; };
		EDA2A20113F2726100B64EA5 /* glee2.jpg */ = {isa = PBXFileReference; lastKnownFileType = image.jpeg; name = glee2.jpg; path = "Images/Musical Images/glee2.jpg"; sourceTree = SOURCE_ROOT; };
		EDA2A20213F2726100B64EA5 /* glee3.jpg */ = {isa = PBXFileReference; lastKnownFileType = image.jpeg; name = glee3.jpg; path = "Images/Musical Images/glee3.jpg"; sourceTree = SOURCE_ROOT; };
		EDA2A20613F2726B00B64EA5 /* edit.png */ = {isa = PBXFileReference; lastKnownFileType = image.png; name = edit.png; path = Images/Buttons/edit.png; sourceTree = SOURCE_ROOT; };
		EDA2A20713F2726B00B64EA5 /* new.png */ = {isa = PBXFileReference; lastKnownFileType = image.png; name = new.png; path = Images/Buttons/new.png; sourceTree = SOURCE_ROOT; };
		EDA2A20813F2726B00B64EA5 /* play.png */ = {isa = PBXFileReference; lastKnownFileType = image.png; name = play.png; path = Images/Buttons/play.png; sourceTree = SOURCE_ROOT; };
		EDA2A20C13F272BF00B64EA5 /* ShowImage.h */ = {isa = PBXFileReference; fileEncoding = 4; lastKnownFileType = sourcecode.c.h; path = ShowImage.h; sourceTree = "<group>"; };
		EDA2A20D13F272BF00B64EA5 /* ShowImage.m */ = {isa = PBXFileReference; fileEncoding = 4; lastKnownFileType = sourcecode.c.objc; path = ShowImage.m; sourceTree = "<group>"; };
		EDA363A8140230FC00E93779 /* home.png */ = {isa = PBXFileReference; lastKnownFileType = image.png; name = home.png; path = Images/Buttons/home.png; sourceTree = SOURCE_ROOT; };
		EDAB95A7140A27800088C1CE /* back.png */ = {isa = PBXFileReference; lastKnownFileType = image.png; name = back.png; path = Images/Buttons/breakdown/back.png; sourceTree = SOURCE_ROOT; };
		EDAB95A8140A27800088C1CE /* camera.png */ = {isa = PBXFileReference; lastKnownFileType = image.png; name = camera.png; path = Images/Buttons/breakdown/camera.png; sourceTree = SOURCE_ROOT; };
		EDAB95A9140A27800088C1CE /* empty textbox right.png */ = {isa = PBXFileReference; lastKnownFileType = image.png; name = "empty textbox right.png"; path = "Images/Buttons/breakdown/empty textbox right.png"; sourceTree = SOURCE_ROOT; };
		EDAB95AA140A27800088C1CE /* empty textbox.png */ = {isa = PBXFileReference; lastKnownFileType = image.png; name = "empty textbox.png"; path = "Images/Buttons/breakdown/empty textbox.png"; sourceTree = SOURCE_ROOT; };
		EDAB95AB140A27800088C1CE /* folder.png */ = {isa = PBXFileReference; lastKnownFileType = image.png; name = folder.png; path = Images/Buttons/breakdown/folder.png; sourceTree = SOURCE_ROOT; };
		EDAB95AC140A27800088C1CE /* vocal.png */ = {isa = PBXFileReference; lastKnownFileType = image.png; name = vocal.png; path = Images/Buttons/breakdown/vocal.png; sourceTree = SOURCE_ROOT; };
		EDAEB37113FE713E0064F8C3 /* gleeCover.jpg */ = {isa = PBXFileReference; lastKnownFileType = image.jpeg; name = gleeCover.jpg; path = "Images/Musical Images/gleeCover.jpg"; sourceTree = SOURCE_ROOT; };
		EDAEB37213FE713E0064F8C3 /* hsmCover.jpg */ = {isa = PBXFileReference; lastKnownFileType = image.jpeg; name = hsmCover.jpg; path = "Images/Musical Images/hsmCover.jpg"; sourceTree = SOURCE_ROOT; };
		EDAEB37313FE713E0064F8C3 /* wickedCover.jpg */ = {isa = PBXFileReference; lastKnownFileType = image.jpeg; name = wickedCover.jpg; path = "Images/Musical Images/wickedCover.jpg"; sourceTree = SOURCE_ROOT; };
		EDAEB37913FE75810064F8C3 /* gleeS1.jpeg */ = {isa = PBXFileReference; lastKnownFileType = image.jpeg; name = gleeS1.jpeg; path = "Images/Musical Scenes/gleeS1.jpeg"; sourceTree = SOURCE_ROOT; };
		EDAEB37A13FE75810064F8C3 /* gleeS2.jpeg */ = {isa = PBXFileReference; lastKnownFileType = image.jpeg; name = gleeS2.jpeg; path = "Images/Musical Scenes/gleeS2.jpeg"; sourceTree = SOURCE_ROOT; };
		EDAEB37B13FE75810064F8C3 /* gleeS3.jpeg */ = {isa = PBXFileReference; lastKnownFileType = image.jpeg; name = gleeS3.jpeg; path = "Images/Musical Scenes/gleeS3.jpeg"; sourceTree = SOURCE_ROOT; };
		EDAEB37C13FE75810064F8C3 /* gleeS4.jpeg */ = {isa = PBXFileReference; lastKnownFileType = image.jpeg; name = gleeS4.jpeg; path = "Images/Musical Scenes/gleeS4.jpeg"; sourceTree = SOURCE_ROOT; };
		EDAEB37D13FE75810064F8C3 /* gleeS5.jpeg */ = {isa = PBXFileReference; lastKnownFileType = image.jpeg; name = gleeS5.jpeg; path = "Images/Musical Scenes/gleeS5.jpeg"; sourceTree = SOURCE_ROOT; };
		EDAEB37E13FE75810064F8C3 /* hsmS1.jpeg */ = {isa = PBXFileReference; lastKnownFileType = image.jpeg; name = hsmS1.jpeg; path = "Images/Musical Scenes/hsmS1.jpeg"; sourceTree = SOURCE_ROOT; };
		EDAEB37F13FE75810064F8C3 /* hsmS2.jpeg */ = {isa = PBXFileReference; lastKnownFileType = image.jpeg; name = hsmS2.jpeg; path = "Images/Musical Scenes/hsmS2.jpeg"; sourceTree = SOURCE_ROOT; };
		EDAEB38013FE75810064F8C3 /* hsmS3.jpeg */ = {isa = PBXFileReference; lastKnownFileType = image.jpeg; name = hsmS3.jpeg; path = "Images/Musical Scenes/hsmS3.jpeg"; sourceTree = SOURCE_ROOT; };
		EDAEB38113FE75810064F8C3 /* wickedS1.jpeg */ = {isa = PBXFileReference; lastKnownFileType = image.jpeg; name = wickedS1.jpeg; path = "Images/Musical Scenes/wickedS1.jpeg"; sourceTree = SOURCE_ROOT; };
		EDAEB38213FE75810064F8C3 /* wickedS2.jpeg */ = {isa = PBXFileReference; lastKnownFileType = image.jpeg; name = wickedS2.jpeg; path = "Images/Musical Scenes/wickedS2.jpeg"; sourceTree = SOURCE_ROOT; };
		EDAEB38313FE75810064F8C3 /* wickedS3.jpeg */ = {isa = PBXFileReference; lastKnownFileType = image.jpeg; name = wickedS3.jpeg; path = "Images/Musical Scenes/wickedS3.jpeg"; sourceTree = SOURCE_ROOT; };
		EDAEB38413FE75810064F8C3 /* wickedS4.jpeg */ = {isa = PBXFileReference; lastKnownFileType = image.jpeg; name = wickedS4.jpeg; path = "Images/Musical Scenes/wickedS4.jpeg"; sourceTree = SOURCE_ROOT; };
		EDAEB38513FE75810064F8C3 /* wickedS5.jpeg */ = {isa = PBXFileReference; lastKnownFileType = image.jpeg; name = wickedS5.jpeg; path = "Images/Musical Scenes/wickedS5.jpeg"; sourceTree = SOURCE_ROOT; };
		EDB9C5ED1402651500434223 /* picture.png */ = {isa = PBXFileReference; lastKnownFileType = image.png; name = picture.png; path = Images/Buttons/picture.png; sourceTree = SOURCE_ROOT; };
		EDC5CC2F13F6260400EAF813 /* PlaybackViewController.h */ = {isa = PBXFileReference; fileEncoding = 4; lastKnownFileType = sourcecode.c.h; path = PlaybackViewController.h; sourceTree = "<group>"; };
		EDC5CC3013F6260400EAF813 /* PlaybackViewController.m */ = {isa = PBXFileReference; fileEncoding = 4; lastKnownFileType = sourcecode.c.objc; path = PlaybackViewController.m; sourceTree = "<group>"; };
		EDC5CC3113F6260400EAF813 /* PlaybackViewController.xib */ = {isa = PBXFileReference; fileEncoding = 4; lastKnownFileType = file.xib; path = PlaybackViewController.xib; sourceTree = "<group>"; };
		EDC5CC3513F6261500EAF813 /* CoverViewController.h */ = {isa = PBXFileReference; fileEncoding = 4; lastKnownFileType = sourcecode.c.h; path = CoverViewController.h; sourceTree = "<group>"; };
		EDC5CC3613F6261500EAF813 /* CoverViewController.m */ = {isa = PBXFileReference; fileEncoding = 4; lastKnownFileType = sourcecode.c.objc; path = CoverViewController.m; sourceTree = "<group>"; };
		EDC5CC3713F6261500EAF813 /* CoverViewConroller.xib */ = {isa = PBXFileReference; fileEncoding = 4; lastKnownFileType = file.xib; path = CoverViewConroller.xib; sourceTree = "<group>"; };
		EDC5CC3A13F6269300EAF813 /* EditViewController.h */ = {isa = PBXFileReference; fileEncoding = 4; lastKnownFileType = sourcecode.c.h; path = EditViewController.h; sourceTree = "<group>"; };
		EDC5CC3B13F6269300EAF813 /* EditViewController.m */ = {isa = PBXFileReference; fileEncoding = 4; lastKnownFileType = sourcecode.c.objc; path = EditViewController.m; sourceTree = "<group>"; };
		EDC5CC3C13F6269300EAF813 /* EditViewController.xib */ = {isa = PBXFileReference; fileEncoding = 4; lastKnownFileType = file.xib; path = EditViewController.xib; sourceTree = "<group>"; };
/* End PBXFileReference section */

/* Begin PBXFrameworksBuildPhase section */
		EDA2A1BD13F26F8400B64EA5 /* Frameworks */ = {
			isa = PBXFrameworksBuildPhase;
			buildActionMask = 2147483647;
			files = (
				95DAE889141481480039201D /* libz.dylib in Frameworks */,
				95DAE887141481400039201D /* libxml2.dylib in Frameworks */,
				95DAE885141481310039201D /* SystemConfiguration.framework in Frameworks */,
				95DAE883141481210039201D /* Security.framework in Frameworks */,
				95DAE881141481160039201D /* MobileCoreServices.framework in Frameworks */,
				95DAE87F141480F80039201D /* CFNetwork.framework in Frameworks */,
				820E2A1C140A0A1E00B80BBC /* AudioToolbox.framework in Frameworks */,
				EDA2A1C513F26F8400B64EA5 /* UIKit.framework in Frameworks */,
				EDA2A1C713F26F8400B64EA5 /* Foundation.framework in Frameworks */,
				EDA2A1C913F26F8400B64EA5 /* CoreGraphics.framework in Frameworks */,
			);
			runOnlyForDeploymentPostprocessing = 0;
		};
		EDA2A1E013F26F8400B64EA5 /* Frameworks */ = {
			isa = PBXFrameworksBuildPhase;
			buildActionMask = 2147483647;
			files = (
				EDA2A1E513F26F8400B64EA5 /* UIKit.framework in Frameworks */,
				EDA2A1E613F26F8400B64EA5 /* Foundation.framework in Frameworks */,
				EDA2A1E713F26F8400B64EA5 /* CoreGraphics.framework in Frameworks */,
			);
			runOnlyForDeploymentPostprocessing = 0;
		};
/* End PBXFrameworksBuildPhase section */

/* Begin PBXGroup section */
		820E2A1E140A0A2A00B80BBC /* Resources */ = {
			isa = PBXGroup;
			children = (
			);
			name = Resources;
			sourceTree = "<group>";
		};
		82A21EB6140A387A008C26FB /* mp3 */ = {
			isa = PBXGroup;
			children = (
				82A21EB8140A388C008C26FB /* bass.mp3 */,
				82A21EB9140A388C008C26FB /* drums.mp3 */,
				82A21EBA140A388C008C26FB /* guitar.mp3 */,
				82A21EBB140A388C008C26FB /* keys.mp3 */,
				82A21EBC140A388C008C26FB /* vocals.mp3 */,
			);
			name = mp3;
			path = ..;
			sourceTree = "<group>";
		};
		9572E0C9140E117200713F45 /* Models */ = {
			isa = PBXGroup;
			children = (
				9572E0CB140E118400713F45 /* AudioCue.h */,
				9572E0CC140E118400713F45 /* AudioCue.m */,
				9572E0CD140E118400713F45 /* Audio.h */,
				9572E0CE140E118400713F45 /* Audio.m */,
				9572E0CF140E118400713F45 /* Picture.h */,
				9572E0D0140E118400713F45 /* Picture.m */,
				9572E0D1140E118400713F45 /* PictureCue.h */,
				9572E0D2140E118400713F45 /* PictureCue.m */,
				9572E0D3140E118400713F45 /* Scene.h */,
				9572E0D4140E118400713F45 /* Scene.m */,
				9572E0D5140E118400713F45 /* Show.h */,
				9572E0D6140E118400713F45 /* Show.m */,
			);
			name = Models;
			sourceTree = "<group>";
		};
		9572E0DD140E119100713F45 /* DAOs */ = {
			isa = PBXGroup;
			children = (
				9572E0DE140E11FF00713F45 /* ShowDAO.h */,
				9572E0DF140E11FF00713F45 /* ShowDAO.m */,
			);
			name = DAOs;
			sourceTree = "<group>";
		};
		95C82544140FC4EB003C9E49 /* ASIHTTPRequest */ = {
			isa = PBXGroup;
			children = (
				95DAE8711414801F0039201D /* GHUnit */,
				95DAE8731414801F0039201D /* Reachability */,
				95C82545140FC506003C9E49 /* ASIAuthenticationDialog.h */,
				95C82546140FC506003C9E49 /* ASIAuthenticationDialog.m */,
				95C82547140FC506003C9E49 /* ASICacheDelegate.h */,
				95C82548140FC506003C9E49 /* ASIDataCompressor.h */,
				95C82549140FC506003C9E49 /* ASIDataCompressor.m */,
				95C8254A140FC506003C9E49 /* ASIDataDecompressor.h */,
				95C8254B140FC506003C9E49 /* ASIDataDecompressor.m */,
				95C8254C140FC506003C9E49 /* ASIDownloadCache.h */,
				95C8254D140FC506003C9E49 /* ASIDownloadCache.m */,
				95C8254E140FC506003C9E49 /* ASIFormDataRequest.h */,
				95C8254F140FC506003C9E49 /* ASIFormDataRequest.m */,
				95C82550140FC506003C9E49 /* ASIHTTPRequest.h */,
				95C82551140FC506003C9E49 /* ASIHTTPRequest.m */,
				95C82552140FC506003C9E49 /* ASIHTTPRequestConfig.h */,
				95C82553140FC506003C9E49 /* ASIHTTPRequestDelegate.h */,
				95C82554140FC506003C9E49 /* ASIInputStream.h */,
				95C82555140FC506003C9E49 /* ASIInputStream.m */,
				95C82556140FC506003C9E49 /* ASINetworkQueue.h */,
				95C82557140FC506003C9E49 /* ASINetworkQueue.m */,
				95C82558140FC506003C9E49 /* ASIProgressDelegate.h */,
			);
			name = ASIHTTPRequest;
			sourceTree = "<group>";
		};
		95DAE8711414801F0039201D /* GHUnit */ = {
			isa = PBXGroup;
			children = (
				95DAE8721414801F0039201D /* README-GHUnit */,
			);
			path = GHUnit;
			sourceTree = "<group>";
		};
		95DAE8731414801F0039201D /* Reachability */ = {
			isa = PBXGroup;
			children = (
				95DAE874141480200039201D /* Reachability.h */,
				95DAE875141480200039201D /* Reachability.m */,
			);
			path = Reachability;
			sourceTree = "<group>";
		};
		95DAE8CC141495370039201D /* ZipArchive */ = {
			isa = PBXGroup;
			children = (
				95DAE8CD141495690039201D /* minizip */,
				95DAE8D7141495690039201D /* ZipArchive.h */,
				95DAE8D8141495690039201D /* ZipArchive.m */,
			);
			name = ZipArchive;
			sourceTree = "<group>";
		};
		95DAE8CD141495690039201D /* minizip */ = {
			isa = PBXGroup;
			children = (
				95DAE8CE141495690039201D /* crypt.h */,
				95DAE8CF141495690039201D /* ioapi.c */,
				95DAE8D0141495690039201D /* ioapi.h */,
				95DAE8D1141495690039201D /* mztools.c */,
				95DAE8D2141495690039201D /* mztools.h */,
				95DAE8D3141495690039201D /* unzip.c */,
				95DAE8D4141495690039201D /* unzip.h */,
				95DAE8D5141495690039201D /* zip.c */,
				95DAE8D6141495690039201D /* zip.h */,
			);
			path = minizip;
			sourceTree = "<group>";
		};
		95DAE8E61414A2A40039201D /* DSActivityView */ = {
			isa = PBXGroup;
			children = (
				95DAE8E81414A2AF0039201D /* DSActivityView.h */,
				95DAE8E91414A2AF0039201D /* DSActivityView.m */,
			);
			name = DSActivityView;
			sourceTree = "<group>";
		};
		95DAE8F31414DFD00039201D /* Libraries */ = {
			isa = PBXGroup;
			children = (
				6472FC2B14127DDE00837069 /* HiddenView.h */,
				6472FC2C14127DDE00837069 /* HiddenView.m */,
				820E2A1F140A0A3E00B80BBC /* MixPlayerRecorder.h */,
				820E2A20140A0A3E00B80BBC /* MixPlayerRecorder.m */,
				820E2A21140A0A3E00B80BBC /* ASBDHelper.c */,
				820E2A22140A0A3E00B80BBC /* ASBDHelper.h */,
				820E2A23140A0A3E00B80BBC /* AudioFileRingBuffer.h */,
				820E2A24140A0A3E00B80BBC /* AudioFileRingBuffer.m */,
				820E2A25140A0A3E00B80BBC /* BoomzAUOutputCapturer.h */,
				820E2A26140A0A3E00B80BBC /* BoomzAUOutputCapturer.m */,
				820E2A27140A0A3E00B80BBC /* CAErrorHandling.c */,
				820E2A28140A0A3E00B80BBC /* CAErrorHandling.h */,
				820E2A29140A0A3E00B80BBC /* TPCircularBuffer.c */,
				820E2A2A140A0A3E00B80BBC /* TPCircularBuffer.h */,
				95DAE8F51414E8D50039201D /* ScenePlayer.h */,
				95DAE8F61414E8D50039201D /* ScenePlayer.m */,
			);
			name = Libraries;
			sourceTree = "<group>";
		};
		ED885C2E140BC11E00209530 /* ViewControllers */ = {
			isa = PBXGroup;
			children = (
				82A21EB6140A387A008C26FB /* mp3 */,
				ED885C2F140BC13100209530 /* XIB */,
				EDA2A1FD13F2712000B64EA5 /* Images */,
				EDA2A1D913F26F8400B64EA5 /* MenuViewController.h */,
				EDA2A1DA13F26F8400B64EA5 /* MenuViewController.m */,
				EDA02932140BE83000358173 /* VideoViewController.h */,
				EDA02933140BE83000358173 /* VideoViewController.m */,
				EDA2A20C13F272BF00B64EA5 /* ShowImage.h */,
				EDA2A20D13F272BF00B64EA5 /* ShowImage.m */,
				820511BC13F3BB9B0016F87E /* SceneViewController.h */,
				820511BD13F3BB9B0016F87E /* SceneViewController.m */,
				EDC5CC2F13F6260400EAF813 /* PlaybackViewController.h */,
				EDC5CC3013F6260400EAF813 /* PlaybackViewController.m */,
				EDC5CC3513F6261500EAF813 /* CoverViewController.h */,
				EDC5CC3613F6261500EAF813 /* CoverViewController.m */,
				EDC5CC3A13F6269300EAF813 /* EditViewController.h */,
				EDC5CC3B13F6269300EAF813 /* EditViewController.m */,
				820E2A31140A0A8E00B80BBC /* AudioViewController.h */,
				820E2A32140A0A8E00B80BBC /* AudioViewController.m */,
				EDA2A1D313F26F8400B64EA5 /* MMS_UIAppDelegate.h */,
				EDA2A1D413F26F8400B64EA5 /* MMS_UIAppDelegate.m */,
				95DAE91414188B060039201D /* AudioEditingBottom.h */,
				95DAE91514188B060039201D /* AudioEditingBottom.m */,
			);
			name = ViewControllers;
			sourceTree = "<group>";
		};
		ED885C2F140BC13100209530 /* XIB */ = {
			isa = PBXGroup;
			children = (
				EDA2A1D613F26F8400B64EA5 /* MainWindow.xib */,
				EDA2A1DC13F26F8400B64EA5 /* MenuViewController.xib */,
				EDC5CC3113F6260400EAF813 /* PlaybackViewController.xib */,
				820511BE13F3BB9B0016F87E /* SceneViewController.xib */,
				EDC5CC3713F6261500EAF813 /* CoverViewConroller.xib */,
				EDC5CC3C13F6269300EAF813 /* EditViewController.xib */,
				820E2A33140A0A8E00B80BBC /* AudioViewController.xib */,
				EDA02934140BE83000358173 /* VideoViewController.xib */,
				95DAE91214188AC50039201D /* AudioEditingBottom.xib */,
			);
			name = XIB;
			sourceTree = "<group>";
		};
		EDA06C9613FEA5A000ED4771 /* Images */ = {
			isa = PBXGroup;
			children = (
				EDA06C9813FEA5BA00ED4771 /* g1.png */,
				EDA06C9913FEA5BA00ED4771 /* g2.png */,
				EDA06C9A13FEA5BA00ED4771 /* g3.png */,
				EDA06C9B13FEA5BA00ED4771 /* g4.png */,
				EDA06C9C13FEA5BA00ED4771 /* g5.png */,
				EDA06C9D13FEA5BA00ED4771 /* g6.png */,
				EDA06C9E13FEA5BA00ED4771 /* g7.png */,
				EDA06C9F13FEA5BA00ED4771 /* g8.png */,
			);
			name = Images;
			sourceTree = "<group>";
		};
		EDA2A1B513F26F8300B64EA5 = {
			isa = PBXGroup;
			children = (
				95DAE888141481470039201D /* libz.dylib */,
				95DAE886141481400039201D /* libxml2.dylib */,
				95DAE884141481300039201D /* SystemConfiguration.framework */,
				95DAE882141481210039201D /* Security.framework */,
				95DAE880141481160039201D /* MobileCoreServices.framework */,
				95DAE87E141480F80039201D /* CFNetwork.framework */,
				820E2A1E140A0A2A00B80BBC /* Resources */,
				EDA2A1CA13F26F8400B64EA5 /* MMS-UI */,
				EDA2A1EA13F26F8400B64EA5 /* MMS-UITests */,
				EDA2A1C313F26F8400B64EA5 /* Frameworks */,
				EDA2A1C113F26F8400B64EA5 /* Products */,
			);
			sourceTree = "<group>";
		};
		EDA2A1C113F26F8400B64EA5 /* Products */ = {
			isa = PBXGroup;
			children = (
				EDA2A1C013F26F8400B64EA5 /* MMS-UI.app */,
				EDA2A1E413F26F8400B64EA5 /* MMS-UITests.octest */,
			);
			name = Products;
			sourceTree = "<group>";
		};
		EDA2A1C313F26F8400B64EA5 /* Frameworks */ = {
			isa = PBXGroup;
			children = (
				820E2A1B140A0A1E00B80BBC /* AudioToolbox.framework */,
				EDA2A1C413F26F8400B64EA5 /* UIKit.framework */,
				EDA2A1C613F26F8400B64EA5 /* Foundation.framework */,
				EDA2A1C813F26F8400B64EA5 /* CoreGraphics.framework */,
			);
			name = Frameworks;
			sourceTree = "<group>";
		};
		EDA2A1CA13F26F8400B64EA5 /* MMS-UI */ = {
			isa = PBXGroup;
			children = (
				95DAE8F31414DFD00039201D /* Libraries */,
				95DAE8E61414A2A40039201D /* DSActivityView */,
				95DAE8CC141495370039201D /* ZipArchive */,
				95C82544140FC4EB003C9E49 /* ASIHTTPRequest */,
				9572E0DD140E119100713F45 /* DAOs */,
				9572E0C9140E117200713F45 /* Models */,
				ED885C2E140BC11E00209530 /* ViewControllers */,
				EDA2A1CB13F26F8400B64EA5 /* Supporting Files */,
			);
			path = "MMS-UI";
			sourceTree = "<group>";
		};
		EDA2A1CB13F26F8400B64EA5 /* Supporting Files */ = {
			isa = PBXGroup;
			children = (
				EDA2A1CC13F26F8400B64EA5 /* MMS-UI-Info.plist */,
				EDA2A1CD13F26F8400B64EA5 /* InfoPlist.strings */,
				EDA2A1D013F26F8400B64EA5 /* MMS-UI-Prefix.pch */,
				EDA2A1D113F26F8400B64EA5 /* main.m */,
			);
			name = "Supporting Files";
			sourceTree = "<group>";
		};
		EDA2A1EA13F26F8400B64EA5 /* MMS-UITests */ = {
			isa = PBXGroup;
			children = (
				EDA2A1F113F26F8400B64EA5 /* MMS_UITests.h */,
				EDA2A1F313F26F8500B64EA5 /* MMS_UITests.m */,
				EDA2A1EB13F26F8400B64EA5 /* Supporting Files */,
			);
			path = "MMS-UITests";
			sourceTree = "<group>";
		};
		EDA2A1EB13F26F8400B64EA5 /* Supporting Files */ = {
			isa = PBXGroup;
			children = (
				EDA2A1EC13F26F8400B64EA5 /* MMS-UITests-Info.plist */,
				EDA2A1ED13F26F8400B64EA5 /* InfoPlist.strings */,
				EDA2A1F013F26F8400B64EA5 /* MMS-UITests-Prefix.pch */,
			);
			name = "Supporting Files";
			sourceTree = "<group>";
		};
		EDA2A1FD13F2712000B64EA5 /* Images */ = {
			isa = PBXGroup;
			children = (
				EDA06C9613FEA5A000ED4771 /* Images */,
				EDAEB37813FE75650064F8C3 /* Scene Images */,
				EDA2A1FF13F2713400B64EA5 /* Show Images */,
				EDA2A1FE13F2713000B64EA5 /* Buttons */,
			);
			name = Images;
			sourceTree = "<group>";
		};
		EDA2A1FE13F2713000B64EA5 /* Buttons */ = {
			isa = PBXGroup;
			children = (
				EDAB95A5140A276A0088C1CE /* Bits */,
				ED8310D514090B280093BFF9 /* gfxoption.png */,
				EDB9C5ED1402651500434223 /* picture.png */,
				EDA363A8140230FC00E93779 /* home.png */,
				ED75B7F713FE9C9700AFA08B /* scene.png */,
				EDA2A20613F2726B00B64EA5 /* edit.png */,
				EDA2A20713F2726B00B64EA5 /* new.png */,
				EDA2A20813F2726B00B64EA5 /* play.png */,
			);
			name = Buttons;
			sourceTree = "<group>";
		};
		EDA2A1FF13F2713400B64EA5 /* Show Images */ = {
			isa = PBXGroup;
			children = (
				EDAEB37113FE713E0064F8C3 /* gleeCover.jpg */,
				EDAEB37213FE713E0064F8C3 /* hsmCover.jpg */,
				EDAEB37313FE713E0064F8C3 /* wickedCover.jpg */,
				EDA2A20013F2726100B64EA5 /* glee1.jpg */,
				EDA2A20113F2726100B64EA5 /* glee2.jpg */,
				EDA2A20213F2726100B64EA5 /* glee3.jpg */,
			);
			name = "Show Images";
			sourceTree = "<group>";
		};
		EDAB95A5140A276A0088C1CE /* Bits */ = {
			isa = PBXGroup;
			children = (
				EDAB95A7140A27800088C1CE /* back.png */,
				EDAB95A8140A27800088C1CE /* camera.png */,
				EDAB95A9140A27800088C1CE /* empty textbox right.png */,
				EDAB95AA140A27800088C1CE /* empty textbox.png */,
				EDAB95AB140A27800088C1CE /* folder.png */,
				EDAB95AC140A27800088C1CE /* vocal.png */,
			);
			name = Bits;
			sourceTree = "<group>";
		};
		EDAEB37813FE75650064F8C3 /* Scene Images */ = {
			isa = PBXGroup;
			children = (
				EDAEB37913FE75810064F8C3 /* gleeS1.jpeg */,
				EDAEB37A13FE75810064F8C3 /* gleeS2.jpeg */,
				EDAEB37B13FE75810064F8C3 /* gleeS3.jpeg */,
				EDAEB37C13FE75810064F8C3 /* gleeS4.jpeg */,
				EDAEB37D13FE75810064F8C3 /* gleeS5.jpeg */,
				EDAEB37E13FE75810064F8C3 /* hsmS1.jpeg */,
				EDAEB37F13FE75810064F8C3 /* hsmS2.jpeg */,
				EDAEB38013FE75810064F8C3 /* hsmS3.jpeg */,
				EDAEB38113FE75810064F8C3 /* wickedS1.jpeg */,
				EDAEB38213FE75810064F8C3 /* wickedS2.jpeg */,
				EDAEB38313FE75810064F8C3 /* wickedS3.jpeg */,
				EDAEB38413FE75810064F8C3 /* wickedS4.jpeg */,
				EDAEB38513FE75810064F8C3 /* wickedS5.jpeg */,
			);
			name = "Scene Images";
			sourceTree = "<group>";
		};
/* End PBXGroup section */

/* Begin PBXNativeTarget section */
		EDA2A1BF13F26F8400B64EA5 /* MMS-UI */ = {
			isa = PBXNativeTarget;
			buildConfigurationList = EDA2A1F713F26F8500B64EA5 /* Build configuration list for PBXNativeTarget "MMS-UI" */;
			buildPhases = (
				EDA2A1BC13F26F8400B64EA5 /* Sources */,
				EDA2A1BD13F26F8400B64EA5 /* Frameworks */,
				EDA2A1BE13F26F8400B64EA5 /* Resources */,
			);
			buildRules = (
			);
			dependencies = (
			);
			name = "MMS-UI";
			productName = "MMS-UI";
			productReference = EDA2A1C013F26F8400B64EA5 /* MMS-UI.app */;
			productType = "com.apple.product-type.application";
		};
		EDA2A1E313F26F8400B64EA5 /* MMS-UITests */ = {
			isa = PBXNativeTarget;
			buildConfigurationList = EDA2A1FA13F26F8500B64EA5 /* Build configuration list for PBXNativeTarget "MMS-UITests" */;
			buildPhases = (
				EDA2A1DF13F26F8400B64EA5 /* Sources */,
				EDA2A1E013F26F8400B64EA5 /* Frameworks */,
				EDA2A1E113F26F8400B64EA5 /* Resources */,
				EDA2A1E213F26F8400B64EA5 /* ShellScript */,
			);
			buildRules = (
			);
			dependencies = (
				EDA2A1E913F26F8400B64EA5 /* PBXTargetDependency */,
			);
			name = "MMS-UITests";
			productName = "MMS-UITests";
			productReference = EDA2A1E413F26F8400B64EA5 /* MMS-UITests.octest */;
			productType = "com.apple.product-type.bundle";
		};
/* End PBXNativeTarget section */

/* Begin PBXProject section */
		EDA2A1B713F26F8300B64EA5 /* Project object */ = {
			isa = PBXProject;
			buildConfigurationList = EDA2A1BA13F26F8300B64EA5 /* Build configuration list for PBXProject "MMS-UI" */;
			compatibilityVersion = "Xcode 3.2";
			developmentRegion = English;
			hasScannedForEncodings = 0;
			knownRegions = (
				en,
			);
			mainGroup = EDA2A1B513F26F8300B64EA5;
			productRefGroup = EDA2A1C113F26F8400B64EA5 /* Products */;
			projectDirPath = "";
			projectRoot = "";
			targets = (
				EDA2A1BF13F26F8400B64EA5 /* MMS-UI */,
				EDA2A1E313F26F8400B64EA5 /* MMS-UITests */,
			);
		};
/* End PBXProject section */

/* Begin PBXResourcesBuildPhase section */
		EDA2A1BE13F26F8400B64EA5 /* Resources */ = {
			isa = PBXResourcesBuildPhase;
			buildActionMask = 2147483647;
			files = (
				EDA2A1CF13F26F8400B64EA5 /* InfoPlist.strings in Resources */,
				EDA2A1D813F26F8400B64EA5 /* MainWindow.xib in Resources */,
				EDA2A1DE13F26F8400B64EA5 /* MenuViewController.xib in Resources */,
				EDA2A20313F2726100B64EA5 /* glee1.jpg in Resources */,
				EDA2A20413F2726100B64EA5 /* glee2.jpg in Resources */,
				EDA2A20513F2726100B64EA5 /* glee3.jpg in Resources */,
				EDA2A20913F2726B00B64EA5 /* edit.png in Resources */,
				EDA2A20A13F2726B00B64EA5 /* new.png in Resources */,
				EDA2A20B13F2726B00B64EA5 /* play.png in Resources */,
				820511C013F3BB9B0016F87E /* SceneViewController.xib in Resources */,
				EDC5CC3313F6260400EAF813 /* PlaybackViewController.xib in Resources */,
				EDC5CC3913F6261500EAF813 /* CoverViewConroller.xib in Resources */,
				EDC5CC3E13F6269300EAF813 /* EditViewController.xib in Resources */,
				EDAEB37413FE713E0064F8C3 /* gleeCover.jpg in Resources */,
				EDAEB37513FE713E0064F8C3 /* hsmCover.jpg in Resources */,
				EDAEB37613FE713E0064F8C3 /* wickedCover.jpg in Resources */,
				EDAEB38613FE75810064F8C3 /* gleeS1.jpeg in Resources */,
				EDAEB38713FE75810064F8C3 /* gleeS2.jpeg in Resources */,
				EDAEB38813FE75810064F8C3 /* gleeS3.jpeg in Resources */,
				EDAEB38913FE75810064F8C3 /* gleeS4.jpeg in Resources */,
				EDAEB38A13FE75810064F8C3 /* gleeS5.jpeg in Resources */,
				EDAEB38B13FE75810064F8C3 /* hsmS1.jpeg in Resources */,
				EDAEB38C13FE75810064F8C3 /* hsmS2.jpeg in Resources */,
				EDAEB38D13FE75810064F8C3 /* hsmS3.jpeg in Resources */,
				EDAEB38E13FE75810064F8C3 /* wickedS1.jpeg in Resources */,
				EDAEB38F13FE75810064F8C3 /* wickedS2.jpeg in Resources */,
				EDAEB39013FE75810064F8C3 /* wickedS3.jpeg in Resources */,
				EDAEB39113FE75810064F8C3 /* wickedS4.jpeg in Resources */,
				EDAEB39213FE75810064F8C3 /* wickedS5.jpeg in Resources */,
				ED75B7F913FE9C9700AFA08B /* scene.png in Resources */,
				EDA06CA013FEA5BA00ED4771 /* g1.png in Resources */,
				EDA06CA113FEA5BA00ED4771 /* g2.png in Resources */,
				EDA06CA213FEA5BA00ED4771 /* g3.png in Resources */,
				EDA06CA313FEA5BA00ED4771 /* g4.png in Resources */,
				EDA06CA413FEA5BA00ED4771 /* g5.png in Resources */,
				EDA06CA513FEA5BA00ED4771 /* g6.png in Resources */,
				EDA06CA613FEA5BA00ED4771 /* g7.png in Resources */,
				EDA06CA713FEA5BA00ED4771 /* g8.png in Resources */,
				EDA363A9140230FC00E93779 /* home.png in Resources */,
				EDB9C5EE1402651500434223 /* picture.png in Resources */,
				ED8310D614090B280093BFF9 /* gfxoption.png in Resources */,
				820E2A36140A0A8E00B80BBC /* AudioViewController.xib in Resources */,
				EDAB95AD140A27800088C1CE /* back.png in Resources */,
				EDAB95AE140A27800088C1CE /* camera.png in Resources */,
				EDAB95AF140A27800088C1CE /* empty textbox right.png in Resources */,
				EDAB95B0140A27800088C1CE /* empty textbox.png in Resources */,
				EDAB95B1140A27800088C1CE /* folder.png in Resources */,
				EDAB95B2140A27800088C1CE /* vocal.png in Resources */,
				82A21EBD140A388C008C26FB /* bass.mp3 in Resources */,
				82A21EBE140A388C008C26FB /* drums.mp3 in Resources */,
				82A21EBF140A388C008C26FB /* guitar.mp3 in Resources */,
				82A21EC0140A388C008C26FB /* keys.mp3 in Resources */,
				82A21EC1140A388C008C26FB /* vocals.mp3 in Resources */,
				EDA02936140BE83000358173 /* VideoViewController.xib in Resources */,
				95DAE876141480200039201D /* README-GHUnit in Resources */,
				95DAE91314188AC50039201D /* AudioEditingBottom.xib in Resources */,
			);
			runOnlyForDeploymentPostprocessing = 0;
		};
		EDA2A1E113F26F8400B64EA5 /* Resources */ = {
			isa = PBXResourcesBuildPhase;
			buildActionMask = 2147483647;
			files = (
				EDA2A1EF13F26F8400B64EA5 /* InfoPlist.strings in Resources */,
				EDA2A1F213F26F8400B64EA5 /* MMS_UITests.h in Resources */,
			);
			runOnlyForDeploymentPostprocessing = 0;
		};
/* End PBXResourcesBuildPhase section */

/* Begin PBXShellScriptBuildPhase section */
		EDA2A1E213F26F8400B64EA5 /* ShellScript */ = {
			isa = PBXShellScriptBuildPhase;
			buildActionMask = 2147483647;
			files = (
			);
			inputPaths = (
			);
			outputPaths = (
			);
			runOnlyForDeploymentPostprocessing = 0;
			shellPath = /bin/sh;
			shellScript = "# Run the unit tests in this test bundle.\n\"${SYSTEM_DEVELOPER_DIR}/Tools/RunUnitTests\"\n";
		};
/* End PBXShellScriptBuildPhase section */

/* Begin PBXSourcesBuildPhase section */
		EDA2A1BC13F26F8400B64EA5 /* Sources */ = {
			isa = PBXSourcesBuildPhase;
			buildActionMask = 2147483647;
			files = (
				EDA2A1D213F26F8400B64EA5 /* main.m in Sources */,
				EDA2A1D513F26F8400B64EA5 /* MMS_UIAppDelegate.m in Sources */,
				EDA2A1DB13F26F8400B64EA5 /* MenuViewController.m in Sources */,
				EDA2A20E13F272BF00B64EA5 /* ShowImage.m in Sources */,
				820511BF13F3BB9B0016F87E /* SceneViewController.m in Sources */,
				EDC5CC3213F6260400EAF813 /* PlaybackViewController.m in Sources */,
				EDC5CC3813F6261500EAF813 /* CoverViewController.m in Sources */,
				EDC5CC3D13F6269300EAF813 /* EditViewController.m in Sources */,
				820E2A2B140A0A3E00B80BBC /* MixPlayerRecorder.m in Sources */,
				820E2A2C140A0A3E00B80BBC /* ASBDHelper.c in Sources */,
				820E2A2D140A0A3E00B80BBC /* AudioFileRingBuffer.m in Sources */,
				820E2A2E140A0A3E00B80BBC /* BoomzAUOutputCapturer.m in Sources */,
				820E2A2F140A0A3E00B80BBC /* CAErrorHandling.c in Sources */,
				820E2A30140A0A3E00B80BBC /* TPCircularBuffer.c in Sources */,
				820E2A35140A0A8E00B80BBC /* AudioViewController.m in Sources */,
				EDA02935140BE83000358173 /* VideoViewController.m in Sources */,
				9572E0D7140E118400713F45 /* AudioCue.m in Sources */,
				9572E0D8140E118400713F45 /* Audio.m in Sources */,
				9572E0D9140E118400713F45 /* Picture.m in Sources */,
				9572E0DA140E118400713F45 /* PictureCue.m in Sources */,
				9572E0DB140E118400713F45 /* Scene.m in Sources */,
				9572E0DC140E118400713F45 /* Show.m in Sources */,
				9572E0E0140E11FF00713F45 /* ShowDAO.m in Sources */,
				6472FC2D14127DDE00837069 /* HiddenView.m in Sources */,
				95DAE86814147FB20039201D /* ASIAuthenticationDialog.m in Sources */,
				95DAE86A14147FB90039201D /* ASIDataCompressor.m in Sources */,
				95DAE86B14147FBC0039201D /* ASIDataDecompressor.m in Sources */,
				95DAE86C14147FBF0039201D /* ASIDownloadCache.m in Sources */,
				95DAE86D14147FC20039201D /* ASIFormDataRequest.m in Sources */,
				95DAE86E14147FC40039201D /* ASIHTTPRequest.m in Sources */,
				95DAE86F14147FD00039201D /* ASIInputStream.m in Sources */,
				95DAE87014147FD30039201D /* ASINetworkQueue.m in Sources */,
				95DAE877141480200039201D /* Reachability.m in Sources */,
				95DAE8D9141495690039201D /* ioapi.c in Sources */,
				95DAE8DA141495690039201D /* mztools.c in Sources */,
				95DAE8DB141495690039201D /* unzip.c in Sources */,
				95DAE8DC141495690039201D /* zip.c in Sources */,
				95DAE8DD141495690039201D /* ZipArchive.m in Sources */,
				95DAE8EA1414A2AF0039201D /* DSActivityView.m in Sources */,
				95DAE8F71414E8D50039201D /* ScenePlayer.m in Sources */,
				95DAE91614188B070039201D /* AudioEditingBottom.m in Sources */,
			);
			runOnlyForDeploymentPostprocessing = 0;
		};
		EDA2A1DF13F26F8400B64EA5 /* Sources */ = {
			isa = PBXSourcesBuildPhase;
			buildActionMask = 2147483647;
			files = (
				EDA2A1F413F26F8500B64EA5 /* MMS_UITests.m in Sources */,
			);
			runOnlyForDeploymentPostprocessing = 0;
		};
/* End PBXSourcesBuildPhase section */

/* Begin PBXTargetDependency section */
		EDA2A1E913F26F8400B64EA5 /* PBXTargetDependency */ = {
			isa = PBXTargetDependency;
			target = EDA2A1BF13F26F8400B64EA5 /* MMS-UI */;
			targetProxy = EDA2A1E813F26F8400B64EA5 /* PBXContainerItemProxy */;
		};
/* End PBXTargetDependency section */

/* Begin PBXVariantGroup section */
		820E2A33140A0A8E00B80BBC /* AudioViewController.xib */ = {
			isa = PBXVariantGroup;
			children = (
				820E2A34140A0A8E00B80BBC /* en */,
			);
			name = AudioViewController.xib;
			sourceTree = "<group>";
		};
		EDA2A1CD13F26F8400B64EA5 /* InfoPlist.strings */ = {
			isa = PBXVariantGroup;
			children = (
				EDA2A1CE13F26F8400B64EA5 /* en */,
			);
			name = InfoPlist.strings;
			sourceTree = "<group>";
		};
		EDA2A1D613F26F8400B64EA5 /* MainWindow.xib */ = {
			isa = PBXVariantGroup;
			children = (
				EDA2A1D713F26F8400B64EA5 /* en */,
			);
			name = MainWindow.xib;
			sourceTree = "<group>";
		};
		EDA2A1DC13F26F8400B64EA5 /* MenuViewController.xib */ = {
			isa = PBXVariantGroup;
			children = (
				EDA2A1DD13F26F8400B64EA5 /* en */,
			);
			name = MenuViewController.xib;
			sourceTree = "<group>";
		};
		EDA2A1ED13F26F8400B64EA5 /* InfoPlist.strings */ = {
			isa = PBXVariantGroup;
			children = (
				EDA2A1EE13F26F8400B64EA5 /* en */,
			);
			name = InfoPlist.strings;
			sourceTree = "<group>";
		};
/* End PBXVariantGroup section */

/* Begin XCBuildConfiguration section */
		EDA2A1F513F26F8500B64EA5 /* Debug */ = {
			isa = XCBuildConfiguration;
			buildSettings = {
				ARCHS = "$(ARCHS_UNIVERSAL_IPHONE_OS)";
				"CODE_SIGN_IDENTITY[sdk=iphoneos*]" = "iPhone Developer";
				GCC_C_LANGUAGE_STANDARD = gnu99;
				GCC_OPTIMIZATION_LEVEL = 0;
				GCC_PREPROCESSOR_DEFINITIONS = DEBUG;
				GCC_SYMBOLS_PRIVATE_EXTERN = NO;
				GCC_VERSION = com.apple.compilers.llvmgcc42;
				GCC_WARN_ABOUT_RETURN_TYPE = YES;
				GCC_WARN_UNUSED_VARIABLE = YES;
				IPHONEOS_DEPLOYMENT_TARGET = 4.3;
				SDKROOT = iphoneos;
				TARGETED_DEVICE_FAMILY = 2;
			};
			name = Debug;
		};
		EDA2A1F613F26F8500B64EA5 /* Release */ = {
			isa = XCBuildConfiguration;
			buildSettings = {
				ARCHS = "$(ARCHS_UNIVERSAL_IPHONE_OS)";
				"CODE_SIGN_IDENTITY[sdk=iphoneos*]" = "iPhone Developer";
				GCC_C_LANGUAGE_STANDARD = gnu99;
				GCC_VERSION = com.apple.compilers.llvmgcc42;
				GCC_WARN_ABOUT_RETURN_TYPE = YES;
				GCC_WARN_UNUSED_VARIABLE = YES;
				IPHONEOS_DEPLOYMENT_TARGET = 4.3;
				OTHER_CFLAGS = "-DNS_BLOCK_ASSERTIONS=1";
				SDKROOT = iphoneos;
				TARGETED_DEVICE_FAMILY = 2;
			};
			name = Release;
		};
		EDA2A1F813F26F8500B64EA5 /* Debug */ = {
			isa = XCBuildConfiguration;
			buildSettings = {
				ALWAYS_SEARCH_USER_PATHS = NO;
				COPY_PHASE_STRIP = NO;
				GCC_DYNAMIC_NO_PIC = NO;
				GCC_PRECOMPILE_PREFIX_HEADER = YES;
				GCC_PREFIX_HEADER = "MMS-UI/MMS-UI-Prefix.pch";
				INFOPLIST_FILE = "MMS-UI/MMS-UI-Info.plist";
				PRODUCT_NAME = "$(TARGET_NAME)";
				WRAPPER_EXTENSION = app;
			};
			name = Debug;
		};
		EDA2A1F913F26F8500B64EA5 /* Release */ = {
			isa = XCBuildConfiguration;
			buildSettings = {
				ALWAYS_SEARCH_USER_PATHS = NO;
				COPY_PHASE_STRIP = YES;
				GCC_PRECOMPILE_PREFIX_HEADER = YES;
				GCC_PREFIX_HEADER = "MMS-UI/MMS-UI-Prefix.pch";
				INFOPLIST_FILE = "MMS-UI/MMS-UI-Info.plist";
				PRODUCT_NAME = "$(TARGET_NAME)";
				VALIDATE_PRODUCT = YES;
				WRAPPER_EXTENSION = app;
			};
			name = Release;
		};
		EDA2A1FB13F26F8500B64EA5 /* Debug */ = {
			isa = XCBuildConfiguration;
			buildSettings = {
				ALWAYS_SEARCH_USER_PATHS = NO;
				ARCHS = "$(ARCHS_STANDARD_32_BIT)";
				BUNDLE_LOADER = "$(BUILT_PRODUCTS_DIR)/MMS-UI.app/MMS-UI";
				FRAMEWORK_SEARCH_PATHS = (
					"$(SDKROOT)/Developer/Library/Frameworks",
					"$(DEVELOPER_LIBRARY_DIR)/Frameworks",
				);
				GCC_PRECOMPILE_PREFIX_HEADER = YES;
				GCC_PREFIX_HEADER = "MMS-UITests/MMS-UITests-Prefix.pch";
				INFOPLIST_FILE = "MMS-UITests/MMS-UITests-Info.plist";
				OTHER_LDFLAGS = (
					"-framework",
					SenTestingKit,
				);
				PRODUCT_NAME = "$(TARGET_NAME)";
				TEST_HOST = "$(BUNDLE_LOADER)";
				WRAPPER_EXTENSION = octest;
			};
			name = Debug;
		};
		EDA2A1FC13F26F8500B64EA5 /* Release */ = {
			isa = XCBuildConfiguration;
			buildSettings = {
				ALWAYS_SEARCH_USER_PATHS = NO;
				ARCHS = "$(ARCHS_STANDARD_32_BIT)";
				BUNDLE_LOADER = "$(BUILT_PRODUCTS_DIR)/MMS-UI.app/MMS-UI";
				FRAMEWORK_SEARCH_PATHS = (
					"$(SDKROOT)/Developer/Library/Frameworks",
					"$(DEVELOPER_LIBRARY_DIR)/Frameworks",
				);
				GCC_PRECOMPILE_PREFIX_HEADER = YES;
				GCC_PREFIX_HEADER = "MMS-UITests/MMS-UITests-Prefix.pch";
				INFOPLIST_FILE = "MMS-UITests/MMS-UITests-Info.plist";
				OTHER_LDFLAGS = (
					"-framework",
					SenTestingKit,
				);
				PRODUCT_NAME = "$(TARGET_NAME)";
				TEST_HOST = "$(BUNDLE_LOADER)";
				WRAPPER_EXTENSION = octest;
			};
			name = Release;
		};
/* End XCBuildConfiguration section */

/* Begin XCConfigurationList section */
		EDA2A1BA13F26F8300B64EA5 /* Build configuration list for PBXProject "MMS-UI" */ = {
			isa = XCConfigurationList;
			buildConfigurations = (
				EDA2A1F513F26F8500B64EA5 /* Debug */,
				EDA2A1F613F26F8500B64EA5 /* Release */,
			);
			defaultConfigurationIsVisible = 0;
			defaultConfigurationName = Release;
		};
		EDA2A1F713F26F8500B64EA5 /* Build configuration list for PBXNativeTarget "MMS-UI" */ = {
			isa = XCConfigurationList;
			buildConfigurations = (
				EDA2A1F813F26F8500B64EA5 /* Debug */,
				EDA2A1F913F26F8500B64EA5 /* Release */,
			);
			defaultConfigurationIsVisible = 0;
			defaultConfigurationName = Release;
		};
		EDA2A1FA13F26F8500B64EA5 /* Build configuration list for PBXNativeTarget "MMS-UITests" */ = {
			isa = XCConfigurationList;
			buildConfigurations = (
				EDA2A1FB13F26F8500B64EA5 /* Debug */,
				EDA2A1FC13F26F8500B64EA5 /* Release */,
			);
			defaultConfigurationIsVisible = 0;
			defaultConfigurationName = Release;
		};
/* End XCConfigurationList section */
	};
	rootObject = EDA2A1B713F26F8300B64EA5 /* Project object */;
}
