// !$*UTF8*$!
{
	archiveVersion = 1;
	classes = {
	};
	objectVersion = 46;
	objects = {

/* Begin PBXBuildFile section */
		641AE2A413E18E18004644EC /* UIKit.framework in Frameworks */ = {isa = PBXBuildFile; fileRef = 641AE2A313E18E18004644EC /* UIKit.framework */; };
		641AE2A613E18E18004644EC /* Foundation.framework in Frameworks */ = {isa = PBXBuildFile; fileRef = 641AE2A513E18E18004644EC /* Foundation.framework */; };
		641AE2A813E18E18004644EC /* CoreGraphics.framework in Frameworks */ = {isa = PBXBuildFile; fileRef = 641AE2A713E18E18004644EC /* CoreGraphics.framework */; };
		641AE2AE13E18E18004644EC /* InfoPlist.strings in Resources */ = {isa = PBXBuildFile; fileRef = 641AE2AC13E18E18004644EC /* InfoPlist.strings */; };
		641AE2B113E18E18004644EC /* main.m in Sources */ = {isa = PBXBuildFile; fileRef = 641AE2B013E18E18004644EC /* main.m */; };
		641AE2B413E18E18004644EC /* SickProjAppDelegate.m in Sources */ = {isa = PBXBuildFile; fileRef = 641AE2B313E18E18004644EC /* SickProjAppDelegate.m */; };
		641AE2B713E18E19004644EC /* MainWindow.xib in Resources */ = {isa = PBXBuildFile; fileRef = 641AE2B513E18E19004644EC /* MainWindow.xib */; };
		641AE2BA13E18E19004644EC /* SickProjViewController.m in Sources */ = {isa = PBXBuildFile; fileRef = 641AE2B913E18E19004644EC /* SickProjViewController.m */; };
		641AE2BD13E18E19004644EC /* SickProjViewController.xib in Resources */ = {isa = PBXBuildFile; fileRef = 641AE2BB13E18E19004644EC /* SickProjViewController.xib */; };
		641AE2C413E18E19004644EC /* UIKit.framework in Frameworks */ = {isa = PBXBuildFile; fileRef = 641AE2A313E18E18004644EC /* UIKit.framework */; };
		641AE2C513E18E19004644EC /* Foundation.framework in Frameworks */ = {isa = PBXBuildFile; fileRef = 641AE2A513E18E18004644EC /* Foundation.framework */; };
		641AE2C613E18E19004644EC /* CoreGraphics.framework in Frameworks */ = {isa = PBXBuildFile; fileRef = 641AE2A713E18E18004644EC /* CoreGraphics.framework */; };
		641AE2CE13E18E19004644EC /* InfoPlist.strings in Resources */ = {isa = PBXBuildFile; fileRef = 641AE2CC13E18E19004644EC /* InfoPlist.strings */; };
		641AE2D113E18E19004644EC /* SickProjTests.h in Resources */ = {isa = PBXBuildFile; fileRef = 641AE2D013E18E19004644EC /* SickProjTests.h */; };
		641AE2D313E18E19004644EC /* SickProjTests.m in Sources */ = {isa = PBXBuildFile; fileRef = 641AE2D213E18E19004644EC /* SickProjTests.m */; };
		641AE2DE13E18EA5004644EC /* NSStudent.m in Sources */ = {isa = PBXBuildFile; fileRef = 641AE2DD13E18EA5004644EC /* NSStudent.m */; };
		641AE2F713E1A1A6004644EC /* libOCMock.a in Frameworks */ = {isa = PBXBuildFile; fileRef = 641AE2F613E1A1A6004644EC /* libOCMock.a */; };
		641AE2F813E1A1A6004644EC /* libOCMock.a in Frameworks */ = {isa = PBXBuildFile; fileRef = 641AE2F613E1A1A6004644EC /* libOCMock.a */; };
		641AE2FA13E1A1B8004644EC /* OCMock in Resources */ = {isa = PBXBuildFile; fileRef = 641AE2F913E1A1B8004644EC /* OCMock */; };
		641AE2FB13E1A1B8004644EC /* OCMock in Resources */ = {isa = PBXBuildFile; fileRef = 641AE2F913E1A1B8004644EC /* OCMock */; };
/* End PBXBuildFile section */

/* Begin PBXContainerItemProxy section */
		641AE2C713E18E19004644EC /* PBXContainerItemProxy */ = {
			isa = PBXContainerItemProxy;
			containerPortal = 641AE29613E18E18004644EC /* Project object */;
			proxyType = 1;
			remoteGlobalIDString = 641AE29E13E18E18004644EC;
			remoteInfo = SickProj;
		};
/* End PBXContainerItemProxy section */

/* Begin PBXFileReference section */
		641AE29F13E18E18004644EC /* SickProj.app */ = {isa = PBXFileReference; explicitFileType = wrapper.application; includeInIndex = 0; path = SickProj.app; sourceTree = BUILT_PRODUCTS_DIR; };
		641AE2A313E18E18004644EC /* UIKit.framework */ = {isa = PBXFileReference; lastKnownFileType = wrapper.framework; name = UIKit.framework; path = System/Library/Frameworks/UIKit.framework; sourceTree = SDKROOT; };
		641AE2A513E18E18004644EC /* Foundation.framework */ = {isa = PBXFileReference; lastKnownFileType = wrapper.framework; name = Foundation.framework; path = System/Library/Frameworks/Foundation.framework; sourceTree = SDKROOT; };
		641AE2A713E18E18004644EC /* CoreGraphics.framework */ = {isa = PBXFileReference; lastKnownFileType = wrapper.framework; name = CoreGraphics.framework; path = System/Library/Frameworks/CoreGraphics.framework; sourceTree = SDKROOT; };
		641AE2AB13E18E18004644EC /* SickProj-Info.plist */ = {isa = PBXFileReference; lastKnownFileType = text.plist.xml; path = "SickProj-Info.plist"; sourceTree = "<group>"; };
		641AE2AD13E18E18004644EC /* en */ = {isa = PBXFileReference; lastKnownFileType = text.plist.strings; name = en; path = en.lproj/InfoPlist.strings; sourceTree = "<group>"; };
		641AE2AF13E18E18004644EC /* SickProj-Prefix.pch */ = {isa = PBXFileReference; lastKnownFileType = sourcecode.c.h; path = "SickProj-Prefix.pch"; sourceTree = "<group>"; };
		641AE2B013E18E18004644EC /* main.m */ = {isa = PBXFileReference; lastKnownFileType = sourcecode.c.objc; path = main.m; sourceTree = "<group>"; };
		641AE2B213E18E18004644EC /* SickProjAppDelegate.h */ = {isa = PBXFileReference; lastKnownFileType = sourcecode.c.h; path = SickProjAppDelegate.h; sourceTree = "<group>"; };
		641AE2B313E18E18004644EC /* SickProjAppDelegate.m */ = {isa = PBXFileReference; lastKnownFileType = sourcecode.c.objc; path = SickProjAppDelegate.m; sourceTree = "<group>"; };
		641AE2B613E18E19004644EC /* en */ = {isa = PBXFileReference; lastKnownFileType = file.xib; name = en; path = en.lproj/MainWindow.xib; sourceTree = "<group>"; };
		641AE2B813E18E19004644EC /* SickProjViewController.h */ = {isa = PBXFileReference; lastKnownFileType = sourcecode.c.h; path = SickProjViewController.h; sourceTree = "<group>"; };
		641AE2B913E18E19004644EC /* SickProjViewController.m */ = {isa = PBXFileReference; lastKnownFileType = sourcecode.c.objc; path = SickProjViewController.m; sourceTree = "<group>"; };
		641AE2BC13E18E19004644EC /* en */ = {isa = PBXFileReference; lastKnownFileType = file.xib; name = en; path = en.lproj/SickProjViewController.xib; sourceTree = "<group>"; };
		641AE2C313E18E19004644EC /* SickProjTests.octest */ = {isa = PBXFileReference; explicitFileType = wrapper.cfbundle; includeInIndex = 0; path = SickProjTests.octest; sourceTree = BUILT_PRODUCTS_DIR; };
		641AE2CB13E18E19004644EC /* SickProjTests-Info.plist */ = {isa = PBXFileReference; lastKnownFileType = text.plist.xml; path = "SickProjTests-Info.plist"; sourceTree = "<group>"; };
		641AE2CD13E18E19004644EC /* en */ = {isa = PBXFileReference; lastKnownFileType = text.plist.strings; name = en; path = en.lproj/InfoPlist.strings; sourceTree = "<group>"; };
		641AE2CF13E18E19004644EC /* SickProjTests-Prefix.pch */ = {isa = PBXFileReference; lastKnownFileType = sourcecode.c.h; path = "SickProjTests-Prefix.pch"; sourceTree = "<group>"; };
		641AE2D013E18E19004644EC /* SickProjTests.h */ = {isa = PBXFileReference; lastKnownFileType = sourcecode.c.h; path = SickProjTests.h; sourceTree = "<group>"; };
		641AE2D213E18E19004644EC /* SickProjTests.m */ = {isa = PBXFileReference; lastKnownFileType = sourcecode.c.objc; path = SickProjTests.m; sourceTree = "<group>"; };
		641AE2DC13E18EA5004644EC /* NSStudent.h */ = {isa = PBXFileReference; fileEncoding = 4; lastKnownFileType = sourcecode.c.h; path = NSStudent.h; sourceTree = "<group>"; };
		641AE2DD13E18EA5004644EC /* NSStudent.m */ = {isa = PBXFileReference; fileEncoding = 4; lastKnownFileType = sourcecode.c.objc; path = NSStudent.m; sourceTree = "<group>"; };
		641AE2F613E1A1A6004644EC /* libOCMock.a */ = {isa = PBXFileReference; lastKnownFileType = archive.ar; path = libOCMock.a; sourceTree = "<group>"; };
		641AE2F913E1A1B8004644EC /* OCMock */ = {isa = PBXFileReference; lastKnownFileType = folder; path = OCMock; sourceTree = "<group>"; };
/* End PBXFileReference section */

/* Begin PBXFrameworksBuildPhase section */
		641AE29C13E18E18004644EC /* Frameworks */ = {
			isa = PBXFrameworksBuildPhase;
			buildActionMask = 2147483647;
			files = (
				641AE2A413E18E18004644EC /* UIKit.framework in Frameworks */,
				641AE2A613E18E18004644EC /* Foundation.framework in Frameworks */,
				641AE2A813E18E18004644EC /* CoreGraphics.framework in Frameworks */,
				641AE2F713E1A1A6004644EC /* libOCMock.a in Frameworks */,
			);
			runOnlyForDeploymentPostprocessing = 0;
		};
		641AE2BF13E18E19004644EC /* Frameworks */ = {
			isa = PBXFrameworksBuildPhase;
			buildActionMask = 2147483647;
			files = (
				641AE2C413E18E19004644EC /* UIKit.framework in Frameworks */,
				641AE2C513E18E19004644EC /* Foundation.framework in Frameworks */,
				641AE2C613E18E19004644EC /* CoreGraphics.framework in Frameworks */,
				641AE2F813E1A1A6004644EC /* libOCMock.a in Frameworks */,
			);
			runOnlyForDeploymentPostprocessing = 0;
		};
/* End PBXFrameworksBuildPhase section */

/* Begin PBXGroup section */
		641AE29413E18E18004644EC = {
			isa = PBXGroup;
			children = (
				641AE2F513E1A194004644EC /* Libraries */,
				641AE2A913E18E18004644EC /* SickProj */,
				641AE2C913E18E19004644EC /* SickProjTests */,
				641AE2A213E18E18004644EC /* Frameworks */,
				641AE2A013E18E18004644EC /* Products */,
			);
			sourceTree = "<group>";
		};
		641AE2A013E18E18004644EC /* Products */ = {
			isa = PBXGroup;
			children = (
				641AE29F13E18E18004644EC /* SickProj.app */,
				641AE2C313E18E19004644EC /* SickProjTests.octest */,
			);
			name = Products;
			sourceTree = "<group>";
		};
		641AE2A213E18E18004644EC /* Frameworks */ = {
			isa = PBXGroup;
			children = (
				641AE2A313E18E18004644EC /* UIKit.framework */,
				641AE2A513E18E18004644EC /* Foundation.framework */,
				641AE2A713E18E18004644EC /* CoreGraphics.framework */,
			);
			name = Frameworks;
			sourceTree = "<group>";
		};
		641AE2A913E18E18004644EC /* SickProj */ = {
			isa = PBXGroup;
			children = (
				641AE2DC13E18EA5004644EC /* NSStudent.h */,
				641AE2DD13E18EA5004644EC /* NSStudent.m */,
				641AE2B213E18E18004644EC /* SickProjAppDelegate.h */,
				641AE2B313E18E18004644EC /* SickProjAppDelegate.m */,
				641AE2B513E18E19004644EC /* MainWindow.xib */,
				641AE2B813E18E19004644EC /* SickProjViewController.h */,
				641AE2B913E18E19004644EC /* SickProjViewController.m */,
				641AE2BB13E18E19004644EC /* SickProjViewController.xib */,
				641AE2AA13E18E18004644EC /* Supporting Files */,
			);
			path = SickProj;
			sourceTree = "<group>";
		};
		641AE2AA13E18E18004644EC /* Supporting Files */ = {
			isa = PBXGroup;
			children = (
				641AE2AB13E18E18004644EC /* SickProj-Info.plist */,
				641AE2AC13E18E18004644EC /* InfoPlist.strings */,
				641AE2AF13E18E18004644EC /* SickProj-Prefix.pch */,
				641AE2B013E18E18004644EC /* main.m */,
			);
			name = "Supporting Files";
			sourceTree = "<group>";
		};
		641AE2C913E18E19004644EC /* SickProjTests */ = {
			isa = PBXGroup;
			children = (
				641AE2D013E18E19004644EC /* SickProjTests.h */,
				641AE2D213E18E19004644EC /* SickProjTests.m */,
				641AE2CA13E18E19004644EC /* Supporting Files */,
			);
			path = SickProjTests;
			sourceTree = "<group>";
		};
		641AE2CA13E18E19004644EC /* Supporting Files */ = {
			isa = PBXGroup;
			children = (
				641AE2CB13E18E19004644EC /* SickProjTests-Info.plist */,
				641AE2CC13E18E19004644EC /* InfoPlist.strings */,
				641AE2CF13E18E19004644EC /* SickProjTests-Prefix.pch */,
			);
			name = "Supporting Files";
			sourceTree = "<group>";
		};
		641AE2F513E1A194004644EC /* Libraries */ = {
			isa = PBXGroup;
			children = (
				641AE2F913E1A1B8004644EC /* OCMock */,
				641AE2F613E1A1A6004644EC /* libOCMock.a */,
			);
			path = Libraries;
			sourceTree = "<group>";
		};
/* End PBXGroup section */

/* Begin PBXNativeTarget section */
		641AE29E13E18E18004644EC /* SickProj */ = {
			isa = PBXNativeTarget;
			buildConfigurationList = 641AE2D613E18E19004644EC /* Build configuration list for PBXNativeTarget "SickProj" */;
			buildPhases = (
				641AE29B13E18E18004644EC /* Sources */,
				641AE29C13E18E18004644EC /* Frameworks */,
				641AE29D13E18E18004644EC /* Resources */,
			);
			buildRules = (
			);
			dependencies = (
			);
			name = SickProj;
			productName = SickProj;
			productReference = 641AE29F13E18E18004644EC /* SickProj.app */;
			productType = "com.apple.product-type.application";
		};
		641AE2C213E18E19004644EC /* SickProjTests */ = {
			isa = PBXNativeTarget;
			buildConfigurationList = 641AE2D913E18E19004644EC /* Build configuration list for PBXNativeTarget "SickProjTests" */;
			buildPhases = (
				641AE2BE13E18E19004644EC /* Sources */,
				641AE2BF13E18E19004644EC /* Frameworks */,
				641AE2C013E18E19004644EC /* Resources */,
				641AE2C113E18E19004644EC /* ShellScript */,
			);
			buildRules = (
			);
			dependencies = (
				641AE2C813E18E19004644EC /* PBXTargetDependency */,
			);
			name = SickProjTests;
			productName = SickProjTests;
			productReference = 641AE2C313E18E19004644EC /* SickProjTests.octest */;
			productType = "com.apple.product-type.bundle";
		};
/* End PBXNativeTarget section */

/* Begin PBXProject section */
		641AE29613E18E18004644EC /* Project object */ = {
			isa = PBXProject;
			buildConfigurationList = 641AE29913E18E18004644EC /* Build configuration list for PBXProject "SickProj" */;
			compatibilityVersion = "Xcode 3.2";
			developmentRegion = English;
			hasScannedForEncodings = 0;
			knownRegions = (
				en,
			);
			mainGroup = 641AE29413E18E18004644EC;
			productRefGroup = 641AE2A013E18E18004644EC /* Products */;
			projectDirPath = "";
			projectRoot = "";
			targets = (
				641AE29E13E18E18004644EC /* SickProj */,
				641AE2C213E18E19004644EC /* SickProjTests */,
			);
		};
/* End PBXProject section */

/* Begin PBXResourcesBuildPhase section */
		641AE29D13E18E18004644EC /* Resources */ = {
			isa = PBXResourcesBuildPhase;
			buildActionMask = 2147483647;
			files = (
				641AE2AE13E18E18004644EC /* InfoPlist.strings in Resources */,
				641AE2B713E18E19004644EC /* MainWindow.xib in Resources */,
				641AE2BD13E18E19004644EC /* SickProjViewController.xib in Resources */,
				641AE2FA13E1A1B8004644EC /* OCMock in Resources */,
			);
			runOnlyForDeploymentPostprocessing = 0;
		};
		641AE2C013E18E19004644EC /* Resources */ = {
			isa = PBXResourcesBuildPhase;
			buildActionMask = 2147483647;
			files = (
				641AE2CE13E18E19004644EC /* InfoPlist.strings in Resources */,
				641AE2D113E18E19004644EC /* SickProjTests.h in Resources */,
				641AE2FB13E1A1B8004644EC /* OCMock in Resources */,
			);
			runOnlyForDeploymentPostprocessing = 0;
		};
/* End PBXResourcesBuildPhase section */

/* Begin PBXShellScriptBuildPhase section */
		641AE2C113E18E19004644EC /* ShellScript */ = {
			isa = PBXShellScriptBuildPhase;
			buildActionMask = 2147483647;
			files = (
			);
			inputPaths = (
			);
			outputPaths = (
			);
			runOnlyForDeploymentPostprocessing = 0;
			shellPath = /bin/sh;
			shellScript = "# Run the unit tests in this test bundle.\n\"${SYSTEM_DEVELOPER_DIR}/Tools/RunUnitTests\"\n";
		};
/* End PBXShellScriptBuildPhase section */

/* Begin PBXSourcesBuildPhase section */
		641AE29B13E18E18004644EC /* Sources */ = {
			isa = PBXSourcesBuildPhase;
			buildActionMask = 2147483647;
			files = (
				641AE2B113E18E18004644EC /* main.m in Sources */,
				641AE2B413E18E18004644EC /* SickProjAppDelegate.m in Sources */,
				641AE2BA13E18E19004644EC /* SickProjViewController.m in Sources */,
				641AE2DE13E18EA5004644EC /* NSStudent.m in Sources */,
			);
			runOnlyForDeploymentPostprocessing = 0;
		};
		641AE2BE13E18E19004644EC /* Sources */ = {
			isa = PBXSourcesBuildPhase;
			buildActionMask = 2147483647;
			files = (
				641AE2D313E18E19004644EC /* SickProjTests.m in Sources */,
			);
			runOnlyForDeploymentPostprocessing = 0;
		};
/* End PBXSourcesBuildPhase section */

/* Begin PBXTargetDependency section */
		641AE2C813E18E19004644EC /* PBXTargetDependency */ = {
			isa = PBXTargetDependency;
			target = 641AE29E13E18E18004644EC /* SickProj */;
			targetProxy = 641AE2C713E18E19004644EC /* PBXContainerItemProxy */;
		};
/* End PBXTargetDependency section */

/* Begin PBXVariantGroup section */
		641AE2AC13E18E18004644EC /* InfoPlist.strings */ = {
			isa = PBXVariantGroup;
			children = (
				641AE2AD13E18E18004644EC /* en */,
			);
			name = InfoPlist.strings;
			sourceTree = "<group>";
		};
		641AE2B513E18E19004644EC /* MainWindow.xib */ = {
			isa = PBXVariantGroup;
			children = (
				641AE2B613E18E19004644EC /* en */,
			);
			name = MainWindow.xib;
			sourceTree = "<group>";
		};
		641AE2BB13E18E19004644EC /* SickProjViewController.xib */ = {
			isa = PBXVariantGroup;
			children = (
				641AE2BC13E18E19004644EC /* en */,
			);
			name = SickProjViewController.xib;
			sourceTree = "<group>";
		};
		641AE2CC13E18E19004644EC /* InfoPlist.strings */ = {
			isa = PBXVariantGroup;
			children = (
				641AE2CD13E18E19004644EC /* en */,
			);
			name = InfoPlist.strings;
			sourceTree = "<group>";
		};
/* End PBXVariantGroup section */

/* Begin XCBuildConfiguration section */
		641AE2D413E18E19004644EC /* Debug */ = {
			isa = XCBuildConfiguration;
			buildSettings = {
				ARCHS = "$(ARCHS_UNIVERSAL_IPHONE_OS)";
				"CODE_SIGN_IDENTITY[sdk=iphoneos*]" = "iPhone Developer";
				GCC_C_LANGUAGE_STANDARD = gnu99;
				GCC_OPTIMIZATION_LEVEL = 0;
				GCC_PREPROCESSOR_DEFINITIONS = DEBUG;
				GCC_SYMBOLS_PRIVATE_EXTERN = NO;
				GCC_VERSION = com.apple.compilers.llvmgcc42;
				GCC_WARN_ABOUT_RETURN_TYPE = YES;
				GCC_WARN_UNUSED_VARIABLE = YES;
				HEADER_SEARCH_PATHS = "$(SRCROOT)/Libraries/**";
				IPHONEOS_DEPLOYMENT_TARGET = 4.3;
				LIBRARY_SEARCH_PATHS = "\"$(SRCROOT)/Libraries\"";
				OTHER_LDFLAGS = "";
				SDKROOT = iphoneos;
				TARGETED_DEVICE_FAMILY = 2;
			};
			name = Debug;
		};
		641AE2D513E18E19004644EC /* Release */ = {
			isa = XCBuildConfiguration;
			buildSettings = {
				ARCHS = "$(ARCHS_UNIVERSAL_IPHONE_OS)";
				"CODE_SIGN_IDENTITY[sdk=iphoneos*]" = "iPhone Developer";
				GCC_C_LANGUAGE_STANDARD = gnu99;
				GCC_VERSION = com.apple.compilers.llvmgcc42;
				GCC_WARN_ABOUT_RETURN_TYPE = YES;
				GCC_WARN_UNUSED_VARIABLE = YES;
				HEADER_SEARCH_PATHS = "$(SRCROOT)/Libraries/**";
				IPHONEOS_DEPLOYMENT_TARGET = 4.3;
				LIBRARY_SEARCH_PATHS = "\"$(SRCROOT)/Libraries\"";
				OTHER_CFLAGS = "-DNS_BLOCK_ASSERTIONS=1";
				OTHER_LDFLAGS = "";
				SDKROOT = iphoneos;
				TARGETED_DEVICE_FAMILY = 2;
			};
			name = Release;
		};
		641AE2D713E18E19004644EC /* Debug */ = {
			isa = XCBuildConfiguration;
			buildSettings = {
				ALWAYS_SEARCH_USER_PATHS = NO;
				COPY_PHASE_STRIP = NO;
				GCC_DYNAMIC_NO_PIC = NO;
				GCC_PRECOMPILE_PREFIX_HEADER = YES;
				GCC_PREFIX_HEADER = "SickProj/SickProj-Prefix.pch";
				INFOPLIST_FILE = "SickProj/SickProj-Info.plist";
				LIBRARY_SEARCH_PATHS = (
					"$(inherited)",
					"\"$(SRCROOT)/Libraries\"",
				);
				PRODUCT_NAME = "$(TARGET_NAME)";
				WRAPPER_EXTENSION = app;
			};
			name = Debug;
		};
		641AE2D813E18E19004644EC /* Release */ = {
			isa = XCBuildConfiguration;
			buildSettings = {
				ALWAYS_SEARCH_USER_PATHS = NO;
				COPY_PHASE_STRIP = YES;
				GCC_PRECOMPILE_PREFIX_HEADER = YES;
				GCC_PREFIX_HEADER = "SickProj/SickProj-Prefix.pch";
				INFOPLIST_FILE = "SickProj/SickProj-Info.plist";
				LIBRARY_SEARCH_PATHS = (
					"$(inherited)",
					"\"$(SRCROOT)/Libraries\"",
				);
				PRODUCT_NAME = "$(TARGET_NAME)";
				VALIDATE_PRODUCT = YES;
				WRAPPER_EXTENSION = app;
			};
			name = Release;
		};
		641AE2DA13E18E19004644EC /* Debug */ = {
			isa = XCBuildConfiguration;
			buildSettings = {
				ALWAYS_SEARCH_USER_PATHS = NO;
				ARCHS = "$(ARCHS_STANDARD_32_BIT)";
				BUNDLE_LOADER = "$(BUILT_PRODUCTS_DIR)/SickProj.app/SickProj";
				FRAMEWORK_SEARCH_PATHS = (
					"$(SDKROOT)/Developer/Library/Frameworks",
					"$(DEVELOPER_LIBRARY_DIR)/Frameworks",
				);
				GCC_PRECOMPILE_PREFIX_HEADER = YES;
				GCC_PREFIX_HEADER = "SickProjTests/SickProjTests-Prefix.pch";
				HEADER_SEARCH_PATHS = "\"$(SRCROOT)/Libraries\"/**";
				INFOPLIST_FILE = "SickProjTests/SickProjTests-Info.plist";
				LIBRARY_SEARCH_PATHS = (
					"$(inherited)",
					"\"$(SRCROOT)/Libraries\"",
				);
				OTHER_LDFLAGS = (
					"-framework",
					SenTestingKit,
					"-force_load",
					"\"$(SRCROOT)/Libraries/libOCMock.a\"",
				);
				PRODUCT_NAME = "$(TARGET_NAME)";
				TEST_HOST = "$(BUNDLE_LOADER)";
				WRAPPER_EXTENSION = octest;
			};
			name = Debug;
		};
		641AE2DB13E18E19004644EC /* Release */ = {
			isa = XCBuildConfiguration;
			buildSettings = {
				ALWAYS_SEARCH_USER_PATHS = NO;
				ARCHS = "$(ARCHS_STANDARD_32_BIT)";
				BUNDLE_LOADER = "$(BUILT_PRODUCTS_DIR)/SickProj.app/SickProj";
				FRAMEWORK_SEARCH_PATHS = (
					"$(SDKROOT)/Developer/Library/Frameworks",
					"$(DEVELOPER_LIBRARY_DIR)/Frameworks",
				);
				GCC_PRECOMPILE_PREFIX_HEADER = YES;
				GCC_PREFIX_HEADER = "SickProjTests/SickProjTests-Prefix.pch";
				HEADER_SEARCH_PATHS = "\"$(SRCROOT)/Libraries\"/**";
				INFOPLIST_FILE = "SickProjTests/SickProjTests-Info.plist";
				LIBRARY_SEARCH_PATHS = (
					"$(inherited)",
					"\"$(SRCROOT)/Libraries\"",
				);
				OTHER_LDFLAGS = (
					"-framework",
					SenTestingKit,
					"-force_load",
					"\"$(SRCROOT)/Libraries/libOCMock.a\"",
				);
				PRODUCT_NAME = "$(TARGET_NAME)";
				TEST_HOST = "$(BUNDLE_LOADER)";
				WRAPPER_EXTENSION = octest;
			};
			name = Release;
		};
/* End XCBuildConfiguration section */

/* Begin XCConfigurationList section */
		641AE29913E18E18004644EC /* Build configuration list for PBXProject "SickProj" */ = {
			isa = XCConfigurationList;
			buildConfigurations = (
				641AE2D413E18E19004644EC /* Debug */,
				641AE2D513E18E19004644EC /* Release */,
			);
			defaultConfigurationIsVisible = 0;
			defaultConfigurationName = Release;
		};
		641AE2D613E18E19004644EC /* Build configuration list for PBXNativeTarget "SickProj" */ = {
			isa = XCConfigurationList;
			buildConfigurations = (
				641AE2D713E18E19004644EC /* Debug */,
				641AE2D813E18E19004644EC /* Release */,
			);
			defaultConfigurationIsVisible = 0;
			defaultConfigurationName = Release;
		};
		641AE2D913E18E19004644EC /* Build configuration list for PBXNativeTarget "SickProjTests" */ = {
			isa = XCConfigurationList;
			buildConfigurations = (
				641AE2DA13E18E19004644EC /* Debug */,
				641AE2DB13E18E19004644EC /* Release */,
			);
			defaultConfigurationIsVisible = 0;
			defaultConfigurationName = Release;
		};
/* End XCConfigurationList section */
	};
	rootObject = 641AE29613E18E18004644EC /* Project object */;
}
