// !$*UTF8*$!
{
	archiveVersion = 1;
	classes = {
	};
	objectVersion = 46;
	objects = {

/* Begin PBXBuildFile section */
		646E5BAF14121796004F460C /* HiddenView.m in Sources */ = {isa = PBXBuildFile; fileRef = 646E5BAE14121796004F460C /* HiddenView.m */; };
		64892CDF140F9F56009212AC /* UIKit.framework in Frameworks */ = {isa = PBXBuildFile; fileRef = 64892CDE140F9F56009212AC /* UIKit.framework */; };
		64892CE1140F9F56009212AC /* Foundation.framework in Frameworks */ = {isa = PBXBuildFile; fileRef = 64892CE0140F9F56009212AC /* Foundation.framework */; };
		64892CE3140F9F56009212AC /* CoreGraphics.framework in Frameworks */ = {isa = PBXBuildFile; fileRef = 64892CE2140F9F56009212AC /* CoreGraphics.framework */; };
		64892CE9140F9F56009212AC /* InfoPlist.strings in Resources */ = {isa = PBXBuildFile; fileRef = 64892CE7140F9F56009212AC /* InfoPlist.strings */; };
		64892CEB140F9F56009212AC /* main.m in Sources */ = {isa = PBXBuildFile; fileRef = 64892CEA140F9F56009212AC /* main.m */; };
		64892CEF140F9F56009212AC /* PlayScrollAppDelegate.m in Sources */ = {isa = PBXBuildFile; fileRef = 64892CEE140F9F56009212AC /* PlayScrollAppDelegate.m */; };
		64892CF2140F9F56009212AC /* MainWindow.xib in Resources */ = {isa = PBXBuildFile; fileRef = 64892CF0140F9F56009212AC /* MainWindow.xib */; };
		64892CF5140F9F56009212AC /* PlayScrollViewController.m in Sources */ = {isa = PBXBuildFile; fileRef = 64892CF4140F9F56009212AC /* PlayScrollViewController.m */; };
		64892CF8140F9F56009212AC /* PlayScrollViewController.xib in Resources */ = {isa = PBXBuildFile; fileRef = 64892CF6140F9F56009212AC /* PlayScrollViewController.xib */; };
		64A031BC1411455100F4F91B /* glee1.jpg in Resources */ = {isa = PBXBuildFile; fileRef = 64A031B31411455100F4F91B /* glee1.jpg */; };
		64A031BD1411455100F4F91B /* glee2.jpg in Resources */ = {isa = PBXBuildFile; fileRef = 64A031B41411455100F4F91B /* glee2.jpg */; };
		64A031BE1411455100F4F91B /* glee3.jpg in Resources */ = {isa = PBXBuildFile; fileRef = 64A031B51411455100F4F91B /* glee3.jpg */; };
		64A031BF1411455100F4F91B /* glee4.jpg in Resources */ = {isa = PBXBuildFile; fileRef = 64A031B61411455100F4F91B /* glee4.jpg */; };
		64A031C01411455100F4F91B /* glee5.jpg in Resources */ = {isa = PBXBuildFile; fileRef = 64A031B71411455100F4F91B /* glee5.jpg */; };
		64A031C11411455100F4F91B /* glee6.jpg in Resources */ = {isa = PBXBuildFile; fileRef = 64A031B81411455100F4F91B /* glee6.jpg */; };
		64A031C21411455100F4F91B /* glee7.jpg in Resources */ = {isa = PBXBuildFile; fileRef = 64A031B91411455100F4F91B /* glee7.jpg */; };
		64A031C31411455100F4F91B /* glee8.jpg in Resources */ = {isa = PBXBuildFile; fileRef = 64A031BA1411455100F4F91B /* glee8.jpg */; };
		64A031C41411455100F4F91B /* glee9.jpg in Resources */ = {isa = PBXBuildFile; fileRef = 64A031BB1411455100F4F91B /* glee9.jpg */; };
/* End PBXBuildFile section */

/* Begin PBXFileReference section */
		646E5BAD14121796004F460C /* HiddenView.h */ = {isa = PBXFileReference; fileEncoding = 4; lastKnownFileType = sourcecode.c.h; path = HiddenView.h; sourceTree = "<group>"; };
		646E5BAE14121796004F460C /* HiddenView.m */ = {isa = PBXFileReference; fileEncoding = 4; lastKnownFileType = sourcecode.c.objc; path = HiddenView.m; sourceTree = "<group>"; };
		64892CDA140F9F56009212AC /* PlayScroll.app */ = {isa = PBXFileReference; explicitFileType = wrapper.application; includeInIndex = 0; path = PlayScroll.app; sourceTree = BUILT_PRODUCTS_DIR; };
		64892CDE140F9F56009212AC /* UIKit.framework */ = {isa = PBXFileReference; lastKnownFileType = wrapper.framework; name = UIKit.framework; path = System/Library/Frameworks/UIKit.framework; sourceTree = SDKROOT; };
		64892CE0140F9F56009212AC /* Foundation.framework */ = {isa = PBXFileReference; lastKnownFileType = wrapper.framework; name = Foundation.framework; path = System/Library/Frameworks/Foundation.framework; sourceTree = SDKROOT; };
		64892CE2140F9F56009212AC /* CoreGraphics.framework */ = {isa = PBXFileReference; lastKnownFileType = wrapper.framework; name = CoreGraphics.framework; path = System/Library/Frameworks/CoreGraphics.framework; sourceTree = SDKROOT; };
		64892CE6140F9F56009212AC /* PlayScroll-Info.plist */ = {isa = PBXFileReference; lastKnownFileType = text.plist.xml; path = "PlayScroll-Info.plist"; sourceTree = "<group>"; };
		64892CE8140F9F56009212AC /* en */ = {isa = PBXFileReference; lastKnownFileType = text.plist.strings; name = en; path = en.lproj/InfoPlist.strings; sourceTree = "<group>"; };
		64892CEA140F9F56009212AC /* main.m */ = {isa = PBXFileReference; lastKnownFileType = sourcecode.c.objc; path = main.m; sourceTree = "<group>"; };
		64892CEC140F9F56009212AC /* PlayScroll-Prefix.pch */ = {isa = PBXFileReference; lastKnownFileType = sourcecode.c.h; path = "PlayScroll-Prefix.pch"; sourceTree = "<group>"; };
		64892CED140F9F56009212AC /* PlayScrollAppDelegate.h */ = {isa = PBXFileReference; lastKnownFileType = sourcecode.c.h; path = PlayScrollAppDelegate.h; sourceTree = "<group>"; };
		64892CEE140F9F56009212AC /* PlayScrollAppDelegate.m */ = {isa = PBXFileReference; lastKnownFileType = sourcecode.c.objc; path = PlayScrollAppDelegate.m; sourceTree = "<group>"; };
		64892CF1140F9F56009212AC /* en */ = {isa = PBXFileReference; lastKnownFileType = file.xib; name = en; path = en.lproj/MainWindow.xib; sourceTree = "<group>"; };
		64892CF3140F9F56009212AC /* PlayScrollViewController.h */ = {isa = PBXFileReference; lastKnownFileType = sourcecode.c.h; path = PlayScrollViewController.h; sourceTree = "<group>"; };
		64892CF4140F9F56009212AC /* PlayScrollViewController.m */ = {isa = PBXFileReference; lastKnownFileType = sourcecode.c.objc; path = PlayScrollViewController.m; sourceTree = "<group>"; };
		64892CF7140F9F56009212AC /* en */ = {isa = PBXFileReference; lastKnownFileType = file.xib; name = en; path = en.lproj/PlayScrollViewController.xib; sourceTree = "<group>"; };
		64A031B31411455100F4F91B /* glee1.jpg */ = {isa = PBXFileReference; lastKnownFileType = image.jpeg; path = glee1.jpg; sourceTree = "<group>"; };
		64A031B41411455100F4F91B /* glee2.jpg */ = {isa = PBXFileReference; lastKnownFileType = image.jpeg; path = glee2.jpg; sourceTree = "<group>"; };
		64A031B51411455100F4F91B /* glee3.jpg */ = {isa = PBXFileReference; lastKnownFileType = image.jpeg; path = glee3.jpg; sourceTree = "<group>"; };
		64A031B61411455100F4F91B /* glee4.jpg */ = {isa = PBXFileReference; lastKnownFileType = image.jpeg; path = glee4.jpg; sourceTree = "<group>"; };
		64A031B71411455100F4F91B /* glee5.jpg */ = {isa = PBXFileReference; lastKnownFileType = image.jpeg; path = glee5.jpg; sourceTree = "<group>"; };
		64A031B81411455100F4F91B /* glee6.jpg */ = {isa = PBXFileReference; lastKnownFileType = image.jpeg; path = glee6.jpg; sourceTree = "<group>"; };
		64A031B91411455100F4F91B /* glee7.jpg */ = {isa = PBXFileReference; lastKnownFileType = image.jpeg; path = glee7.jpg; sourceTree = "<group>"; };
		64A031BA1411455100F4F91B /* glee8.jpg */ = {isa = PBXFileReference; lastKnownFileType = image.jpeg; path = glee8.jpg; sourceTree = "<group>"; };
		64A031BB1411455100F4F91B /* glee9.jpg */ = {isa = PBXFileReference; lastKnownFileType = image.jpeg; path = glee9.jpg; sourceTree = "<group>"; };
/* End PBXFileReference section */

/* Begin PBXFrameworksBuildPhase section */
		64892CD7140F9F56009212AC /* Frameworks */ = {
			isa = PBXFrameworksBuildPhase;
			buildActionMask = 2147483647;
			files = (
				64892CDF140F9F56009212AC /* UIKit.framework in Frameworks */,
				64892CE1140F9F56009212AC /* Foundation.framework in Frameworks */,
				64892CE3140F9F56009212AC /* CoreGraphics.framework in Frameworks */,
			);
			runOnlyForDeploymentPostprocessing = 0;
		};
/* End PBXFrameworksBuildPhase section */

/* Begin PBXGroup section */
		64892CCF140F9F56009212AC = {
			isa = PBXGroup;
			children = (
				64892CE4140F9F56009212AC /* PlayScroll */,
				64892CDD140F9F56009212AC /* Frameworks */,
				64892CDB140F9F56009212AC /* Products */,
			);
			sourceTree = "<group>";
		};
		64892CDB140F9F56009212AC /* Products */ = {
			isa = PBXGroup;
			children = (
				64892CDA140F9F56009212AC /* PlayScroll.app */,
			);
			name = Products;
			sourceTree = "<group>";
		};
		64892CDD140F9F56009212AC /* Frameworks */ = {
			isa = PBXGroup;
			children = (
				64892CDE140F9F56009212AC /* UIKit.framework */,
				64892CE0140F9F56009212AC /* Foundation.framework */,
				64892CE2140F9F56009212AC /* CoreGraphics.framework */,
			);
			name = Frameworks;
			sourceTree = "<group>";
		};
		64892CE4140F9F56009212AC /* PlayScroll */ = {
			isa = PBXGroup;
			children = (
				64A031B11411454400F4F91B /* Resources */,
				64892CED140F9F56009212AC /* PlayScrollAppDelegate.h */,
				64892CEE140F9F56009212AC /* PlayScrollAppDelegate.m */,
				64892CF0140F9F56009212AC /* MainWindow.xib */,
				64892CF3140F9F56009212AC /* PlayScrollViewController.h */,
				64892CF4140F9F56009212AC /* PlayScrollViewController.m */,
				64892CF6140F9F56009212AC /* PlayScrollViewController.xib */,
				64892CE5140F9F56009212AC /* Supporting Files */,
				646E5BAD14121796004F460C /* HiddenView.h */,
				646E5BAE14121796004F460C /* HiddenView.m */,
			);
			path = PlayScroll;
			sourceTree = "<group>";
		};
		64892CE5140F9F56009212AC /* Supporting Files */ = {
			isa = PBXGroup;
			children = (
				64892CE6140F9F56009212AC /* PlayScroll-Info.plist */,
				64892CE7140F9F56009212AC /* InfoPlist.strings */,
				64892CEA140F9F56009212AC /* main.m */,
				64892CEC140F9F56009212AC /* PlayScroll-Prefix.pch */,
			);
			name = "Supporting Files";
			sourceTree = "<group>";
		};
		64A031B11411454400F4F91B /* Resources */ = {
			isa = PBXGroup;
			children = (
				64A031B31411455100F4F91B /* glee1.jpg */,
				64A031B41411455100F4F91B /* glee2.jpg */,
				64A031B51411455100F4F91B /* glee3.jpg */,
				64A031B61411455100F4F91B /* glee4.jpg */,
				64A031B71411455100F4F91B /* glee5.jpg */,
				64A031B81411455100F4F91B /* glee6.jpg */,
				64A031B91411455100F4F91B /* glee7.jpg */,
				64A031BA1411455100F4F91B /* glee8.jpg */,
				64A031BB1411455100F4F91B /* glee9.jpg */,
			);
			name = Resources;
			sourceTree = "<group>";
		};
/* End PBXGroup section */

/* Begin PBXNativeTarget section */
		64892CD9140F9F56009212AC /* PlayScroll */ = {
			isa = PBXNativeTarget;
			buildConfigurationList = 64892CFB140F9F56009212AC /* Build configuration list for PBXNativeTarget "PlayScroll" */;
			buildPhases = (
				64892CD6140F9F56009212AC /* Sources */,
				64892CD7140F9F56009212AC /* Frameworks */,
				64892CD8140F9F56009212AC /* Resources */,
			);
			buildRules = (
			);
			dependencies = (
			);
			name = PlayScroll;
			productName = PlayScroll;
			productReference = 64892CDA140F9F56009212AC /* PlayScroll.app */;
			productType = "com.apple.product-type.application";
		};
/* End PBXNativeTarget section */

/* Begin PBXProject section */
		64892CD1140F9F56009212AC /* Project object */ = {
			isa = PBXProject;
			buildConfigurationList = 64892CD4140F9F56009212AC /* Build configuration list for PBXProject "PlayScroll" */;
			compatibilityVersion = "Xcode 3.2";
			developmentRegion = English;
			hasScannedForEncodings = 0;
			knownRegions = (
				en,
			);
			mainGroup = 64892CCF140F9F56009212AC;
			productRefGroup = 64892CDB140F9F56009212AC /* Products */;
			projectDirPath = "";
			projectRoot = "";
			targets = (
				64892CD9140F9F56009212AC /* PlayScroll */,
			);
		};
/* End PBXProject section */

/* Begin PBXResourcesBuildPhase section */
		64892CD8140F9F56009212AC /* Resources */ = {
			isa = PBXResourcesBuildPhase;
			buildActionMask = 2147483647;
			files = (
				64892CE9140F9F56009212AC /* InfoPlist.strings in Resources */,
				64892CF2140F9F56009212AC /* MainWindow.xib in Resources */,
				64892CF8140F9F56009212AC /* PlayScrollViewController.xib in Resources */,
				64A031BC1411455100F4F91B /* glee1.jpg in Resources */,
				64A031BD1411455100F4F91B /* glee2.jpg in Resources */,
				64A031BE1411455100F4F91B /* glee3.jpg in Resources */,
				64A031BF1411455100F4F91B /* glee4.jpg in Resources */,
				64A031C01411455100F4F91B /* glee5.jpg in Resources */,
				64A031C11411455100F4F91B /* glee6.jpg in Resources */,
				64A031C21411455100F4F91B /* glee7.jpg in Resources */,
				64A031C31411455100F4F91B /* glee8.jpg in Resources */,
				64A031C41411455100F4F91B /* glee9.jpg in Resources */,
			);
			runOnlyForDeploymentPostprocessing = 0;
		};
/* End PBXResourcesBuildPhase section */

/* Begin PBXSourcesBuildPhase section */
		64892CD6140F9F56009212AC /* Sources */ = {
			isa = PBXSourcesBuildPhase;
			buildActionMask = 2147483647;
			files = (
				64892CEB140F9F56009212AC /* main.m in Sources */,
				64892CEF140F9F56009212AC /* PlayScrollAppDelegate.m in Sources */,
				64892CF5140F9F56009212AC /* PlayScrollViewController.m in Sources */,
				646E5BAF14121796004F460C /* HiddenView.m in Sources */,
			);
			runOnlyForDeploymentPostprocessing = 0;
		};
/* End PBXSourcesBuildPhase section */

/* Begin PBXVariantGroup section */
		64892CE7140F9F56009212AC /* InfoPlist.strings */ = {
			isa = PBXVariantGroup;
			children = (
				64892CE8140F9F56009212AC /* en */,
			);
			name = InfoPlist.strings;
			sourceTree = "<group>";
		};
		64892CF0140F9F56009212AC /* MainWindow.xib */ = {
			isa = PBXVariantGroup;
			children = (
				64892CF1140F9F56009212AC /* en */,
			);
			name = MainWindow.xib;
			sourceTree = "<group>";
		};
		64892CF6140F9F56009212AC /* PlayScrollViewController.xib */ = {
			isa = PBXVariantGroup;
			children = (
				64892CF7140F9F56009212AC /* en */,
			);
			name = PlayScrollViewController.xib;
			sourceTree = "<group>";
		};
/* End PBXVariantGroup section */

/* Begin XCBuildConfiguration section */
		64892CF9140F9F56009212AC /* Debug */ = {
			isa = XCBuildConfiguration;
			buildSettings = {
				ALWAYS_SEARCH_USER_PATHS = NO;
				ARCHS = "$(ARCHS_UNIVERSAL_IPHONE_OS)";
				"CODE_SIGN_IDENTITY[sdk=iphoneos*]" = "iPhone Developer";
				COPY_PHASE_STRIP = NO;
				GCC_C_LANGUAGE_STANDARD = gnu99;
				GCC_DYNAMIC_NO_PIC = NO;
				GCC_OPTIMIZATION_LEVEL = 0;
				GCC_PREPROCESSOR_DEFINITIONS = (
					"DEBUG=1",
					"$(inherited)",
				);
				GCC_SYMBOLS_PRIVATE_EXTERN = NO;
				GCC_VERSION = com.apple.compilers.llvmgcc42;
				GCC_WARN_ABOUT_MISSING_PROTOTYPES = YES;
				GCC_WARN_ABOUT_RETURN_TYPE = YES;
				GCC_WARN_UNUSED_VARIABLE = YES;
				IPHONEOS_DEPLOYMENT_TARGET = 4.3;
				SDKROOT = iphoneos;
				TARGETED_DEVICE_FAMILY = 2;
			};
			name = Debug;
		};
		64892CFA140F9F56009212AC /* Release */ = {
			isa = XCBuildConfiguration;
			buildSettings = {
				ALWAYS_SEARCH_USER_PATHS = NO;
				ARCHS = "$(ARCHS_UNIVERSAL_IPHONE_OS)";
				"CODE_SIGN_IDENTITY[sdk=iphoneos*]" = "iPhone Developer";
				COPY_PHASE_STRIP = YES;
				GCC_C_LANGUAGE_STANDARD = gnu99;
				GCC_VERSION = com.apple.compilers.llvmgcc42;
				GCC_WARN_ABOUT_MISSING_PROTOTYPES = YES;
				GCC_WARN_ABOUT_RETURN_TYPE = YES;
				GCC_WARN_UNUSED_VARIABLE = YES;
				IPHONEOS_DEPLOYMENT_TARGET = 4.3;
				OTHER_CFLAGS = "-DNS_BLOCK_ASSERTIONS=1";
				SDKROOT = iphoneos;
				TARGETED_DEVICE_FAMILY = 2;
				VALIDATE_PRODUCT = YES;
			};
			name = Release;
		};
		64892CFC140F9F56009212AC /* Debug */ = {
			isa = XCBuildConfiguration;
			buildSettings = {
				GCC_PRECOMPILE_PREFIX_HEADER = YES;
				GCC_PREFIX_HEADER = "PlayScroll/PlayScroll-Prefix.pch";
				INFOPLIST_FILE = "PlayScroll/PlayScroll-Info.plist";
				PRODUCT_NAME = "$(TARGET_NAME)";
				WRAPPER_EXTENSION = app;
			};
			name = Debug;
		};
		64892CFD140F9F56009212AC /* Release */ = {
			isa = XCBuildConfiguration;
			buildSettings = {
				GCC_PRECOMPILE_PREFIX_HEADER = YES;
				GCC_PREFIX_HEADER = "PlayScroll/PlayScroll-Prefix.pch";
				INFOPLIST_FILE = "PlayScroll/PlayScroll-Info.plist";
				PRODUCT_NAME = "$(TARGET_NAME)";
				WRAPPER_EXTENSION = app;
			};
			name = Release;
		};
/* End XCBuildConfiguration section */

/* Begin XCConfigurationList section */
		64892CD4140F9F56009212AC /* Build configuration list for PBXProject "PlayScroll" */ = {
			isa = XCConfigurationList;
			buildConfigurations = (
				64892CF9140F9F56009212AC /* Debug */,
				64892CFA140F9F56009212AC /* Release */,
			);
			defaultConfigurationIsVisible = 0;
			defaultConfigurationName = Release;
		};
		64892CFB140F9F56009212AC /* Build configuration list for PBXNativeTarget "PlayScroll" */ = {
			isa = XCConfigurationList;
			buildConfigurations = (
				64892CFC140F9F56009212AC /* Debug */,
				64892CFD140F9F56009212AC /* Release */,
			);
			defaultConfigurationIsVisible = 0;
			defaultConfigurationName = Release;
		};
/* End XCConfigurationList section */
	};
	rootObject = 64892CD1140F9F56009212AC /* Project object */;
}
