// !$*UTF8*$!
{
	archiveVersion = 1;
	classes = {
	};
	objectVersion = 46;
	objects = {

/* Begin PBXBuildFile section */
		6436B8781418B9910059D432 /* UIKit.framework in Frameworks */ = {isa = PBXBuildFile; fileRef = 6436B8771418B9910059D432 /* UIKit.framework */; };
		6436B87A1418B9910059D432 /* Foundation.framework in Frameworks */ = {isa = PBXBuildFile; fileRef = 6436B8791418B9910059D432 /* Foundation.framework */; };
		6436B87C1418B9910059D432 /* CoreGraphics.framework in Frameworks */ = {isa = PBXBuildFile; fileRef = 6436B87B1418B9910059D432 /* CoreGraphics.framework */; };
		6436B8821418B9910059D432 /* InfoPlist.strings in Resources */ = {isa = PBXBuildFile; fileRef = 6436B8801418B9910059D432 /* InfoPlist.strings */; };
		6436B8841418B9910059D432 /* main.m in Sources */ = {isa = PBXBuildFile; fileRef = 6436B8831418B9910059D432 /* main.m */; };
		6436B8881418B9910059D432 /* Hello_WorldAppDelegate.m in Sources */ = {isa = PBXBuildFile; fileRef = 6436B8871418B9910059D432 /* Hello_WorldAppDelegate.m */; };
		6436B88B1418B9910059D432 /* MainWindow.xib in Resources */ = {isa = PBXBuildFile; fileRef = 6436B8891418B9910059D432 /* MainWindow.xib */; };
		6436B88E1418B9910059D432 /* RootViewController.m in Sources */ = {isa = PBXBuildFile; fileRef = 6436B88D1418B9910059D432 /* RootViewController.m */; };
		6436B8911418B9910059D432 /* RootViewController.xib in Resources */ = {isa = PBXBuildFile; fileRef = 6436B88F1418B9910059D432 /* RootViewController.xib */; };
/* End PBXBuildFile section */

/* Begin PBXFileReference section */
		6436B8731418B9910059D432 /* Hello World.app */ = {isa = PBXFileReference; explicitFileType = wrapper.application; includeInIndex = 0; path = "Hello World.app"; sourceTree = BUILT_PRODUCTS_DIR; };
		6436B8771418B9910059D432 /* UIKit.framework */ = {isa = PBXFileReference; lastKnownFileType = wrapper.framework; name = UIKit.framework; path = System/Library/Frameworks/UIKit.framework; sourceTree = SDKROOT; };
		6436B8791418B9910059D432 /* Foundation.framework */ = {isa = PBXFileReference; lastKnownFileType = wrapper.framework; name = Foundation.framework; path = System/Library/Frameworks/Foundation.framework; sourceTree = SDKROOT; };
		6436B87B1418B9910059D432 /* CoreGraphics.framework */ = {isa = PBXFileReference; lastKnownFileType = wrapper.framework; name = CoreGraphics.framework; path = System/Library/Frameworks/CoreGraphics.framework; sourceTree = SDKROOT; };
		6436B87F1418B9910059D432 /* Hello World-Info.plist */ = {isa = PBXFileReference; lastKnownFileType = text.plist.xml; path = "Hello World-Info.plist"; sourceTree = "<group>"; };
		6436B8811418B9910059D432 /* en */ = {isa = PBXFileReference; lastKnownFileType = text.plist.strings; name = en; path = en.lproj/InfoPlist.strings; sourceTree = "<group>"; };
		6436B8831418B9910059D432 /* main.m */ = {isa = PBXFileReference; lastKnownFileType = sourcecode.c.objc; path = main.m; sourceTree = "<group>"; };
		6436B8851418B9910059D432 /* Hello World-Prefix.pch */ = {isa = PBXFileReference; lastKnownFileType = sourcecode.c.h; path = "Hello World-Prefix.pch"; sourceTree = "<group>"; };
		6436B8861418B9910059D432 /* Hello_WorldAppDelegate.h */ = {isa = PBXFileReference; lastKnownFileType = sourcecode.c.h; path = Hello_WorldAppDelegate.h; sourceTree = "<group>"; };
		6436B8871418B9910059D432 /* Hello_WorldAppDelegate.m */ = {isa = PBXFileReference; lastKnownFileType = sourcecode.c.objc; path = Hello_WorldAppDelegate.m; sourceTree = "<group>"; };
		6436B88A1418B9910059D432 /* en */ = {isa = PBXFileReference; lastKnownFileType = file.xib; name = en; path = en.lproj/MainWindow.xib; sourceTree = "<group>"; };
		6436B88C1418B9910059D432 /* RootViewController.h */ = {isa = PBXFileReference; lastKnownFileType = sourcecode.c.h; path = RootViewController.h; sourceTree = "<group>"; };
		6436B88D1418B9910059D432 /* RootViewController.m */ = {isa = PBXFileReference; lastKnownFileType = sourcecode.c.objc; path = RootViewController.m; sourceTree = "<group>"; };
		6436B8901418B9910059D432 /* en */ = {isa = PBXFileReference; lastKnownFileType = file.xib; name = en; path = en.lproj/RootViewController.xib; sourceTree = "<group>"; };
/* End PBXFileReference section */

/* Begin PBXFrameworksBuildPhase section */
		6436B8701418B9910059D432 /* Frameworks */ = {
			isa = PBXFrameworksBuildPhase;
			buildActionMask = 2147483647;
			files = (
				6436B8781418B9910059D432 /* UIKit.framework in Frameworks */,
				6436B87A1418B9910059D432 /* Foundation.framework in Frameworks */,
				6436B87C1418B9910059D432 /* CoreGraphics.framework in Frameworks */,
			);
			runOnlyForDeploymentPostprocessing = 0;
		};
/* End PBXFrameworksBuildPhase section */

/* Begin PBXGroup section */
		6436B8681418B9910059D432 = {
			isa = PBXGroup;
			children = (
				6436B87D1418B9910059D432 /* Hello World */,
				6436B8761418B9910059D432 /* Frameworks */,
				6436B8741418B9910059D432 /* Products */,
			);
			sourceTree = "<group>";
		};
		6436B8741418B9910059D432 /* Products */ = {
			isa = PBXGroup;
			children = (
				6436B8731418B9910059D432 /* Hello World.app */,
			);
			name = Products;
			sourceTree = "<group>";
		};
		6436B8761418B9910059D432 /* Frameworks */ = {
			isa = PBXGroup;
			children = (
				6436B8771418B9910059D432 /* UIKit.framework */,
				6436B8791418B9910059D432 /* Foundation.framework */,
				6436B87B1418B9910059D432 /* CoreGraphics.framework */,
			);
			name = Frameworks;
			sourceTree = "<group>";
		};
		6436B87D1418B9910059D432 /* Hello World */ = {
			isa = PBXGroup;
			children = (
				6436B8861418B9910059D432 /* Hello_WorldAppDelegate.h */,
				6436B8871418B9910059D432 /* Hello_WorldAppDelegate.m */,
				6436B8891418B9910059D432 /* MainWindow.xib */,
				6436B88C1418B9910059D432 /* RootViewController.h */,
				6436B88D1418B9910059D432 /* RootViewController.m */,
				6436B88F1418B9910059D432 /* RootViewController.xib */,
				6436B87E1418B9910059D432 /* Supporting Files */,
			);
			path = "Hello World";
			sourceTree = "<group>";
		};
		6436B87E1418B9910059D432 /* Supporting Files */ = {
			isa = PBXGroup;
			children = (
				6436B87F1418B9910059D432 /* Hello World-Info.plist */,
				6436B8801418B9910059D432 /* InfoPlist.strings */,
				6436B8831418B9910059D432 /* main.m */,
				6436B8851418B9910059D432 /* Hello World-Prefix.pch */,
			);
			name = "Supporting Files";
			sourceTree = "<group>";
		};
/* End PBXGroup section */

/* Begin PBXNativeTarget section */
		6436B8721418B9910059D432 /* Hello World */ = {
			isa = PBXNativeTarget;
			buildConfigurationList = 6436B8941418B9910059D432 /* Build configuration list for PBXNativeTarget "Hello World" */;
			buildPhases = (
				6436B86F1418B9910059D432 /* Sources */,
				6436B8701418B9910059D432 /* Frameworks */,
				6436B8711418B9910059D432 /* Resources */,
			);
			buildRules = (
			);
			dependencies = (
			);
			name = "Hello World";
			productName = "Hello World";
			productReference = 6436B8731418B9910059D432 /* Hello World.app */;
			productType = "com.apple.product-type.application";
		};
/* End PBXNativeTarget section */

/* Begin PBXProject section */
		6436B86A1418B9910059D432 /* Project object */ = {
			isa = PBXProject;
			buildConfigurationList = 6436B86D1418B9910059D432 /* Build configuration list for PBXProject "Hello World" */;
			compatibilityVersion = "Xcode 3.2";
			developmentRegion = English;
			hasScannedForEncodings = 0;
			knownRegions = (
				en,
			);
			mainGroup = 6436B8681418B9910059D432;
			productRefGroup = 6436B8741418B9910059D432 /* Products */;
			projectDirPath = "";
			projectRoot = "";
			targets = (
				6436B8721418B9910059D432 /* Hello World */,
			);
		};
/* End PBXProject section */

/* Begin PBXResourcesBuildPhase section */
		6436B8711418B9910059D432 /* Resources */ = {
			isa = PBXResourcesBuildPhase;
			buildActionMask = 2147483647;
			files = (
				6436B8821418B9910059D432 /* InfoPlist.strings in Resources */,
				6436B88B1418B9910059D432 /* MainWindow.xib in Resources */,
				6436B8911418B9910059D432 /* RootViewController.xib in Resources */,
			);
			runOnlyForDeploymentPostprocessing = 0;
		};
/* End PBXResourcesBuildPhase section */

/* Begin PBXSourcesBuildPhase section */
		6436B86F1418B9910059D432 /* Sources */ = {
			isa = PBXSourcesBuildPhase;
			buildActionMask = 2147483647;
			files = (
				6436B8841418B9910059D432 /* main.m in Sources */,
				6436B8881418B9910059D432 /* Hello_WorldAppDelegate.m in Sources */,
				6436B88E1418B9910059D432 /* RootViewController.m in Sources */,
			);
			runOnlyForDeploymentPostprocessing = 0;
		};
/* End PBXSourcesBuildPhase section */

/* Begin PBXVariantGroup section */
		6436B8801418B9910059D432 /* InfoPlist.strings */ = {
			isa = PBXVariantGroup;
			children = (
				6436B8811418B9910059D432 /* en */,
			);
			name = InfoPlist.strings;
			sourceTree = "<group>";
		};
		6436B8891418B9910059D432 /* MainWindow.xib */ = {
			isa = PBXVariantGroup;
			children = (
				6436B88A1418B9910059D432 /* en */,
			);
			name = MainWindow.xib;
			sourceTree = "<group>";
		};
		6436B88F1418B9910059D432 /* RootViewController.xib */ = {
			isa = PBXVariantGroup;
			children = (
				6436B8901418B9910059D432 /* en */,
			);
			name = RootViewController.xib;
			sourceTree = "<group>";
		};
/* End PBXVariantGroup section */

/* Begin XCBuildConfiguration section */
		6436B8921418B9910059D432 /* Debug */ = {
			isa = XCBuildConfiguration;
			buildSettings = {
				ALWAYS_SEARCH_USER_PATHS = NO;
				ARCHS = "$(ARCHS_STANDARD_32_BIT)";
				"CODE_SIGN_IDENTITY[sdk=iphoneos*]" = "iPhone Developer";
				COPY_PHASE_STRIP = NO;
				GCC_C_LANGUAGE_STANDARD = gnu99;
				GCC_DYNAMIC_NO_PIC = NO;
				GCC_OPTIMIZATION_LEVEL = 0;
				GCC_PREPROCESSOR_DEFINITIONS = (
					"DEBUG=1",
					"$(inherited)",
				);
				GCC_SYMBOLS_PRIVATE_EXTERN = NO;
				GCC_VERSION = com.apple.compilers.llvmgcc42;
				GCC_WARN_ABOUT_MISSING_PROTOTYPES = YES;
				GCC_WARN_ABOUT_RETURN_TYPE = YES;
				GCC_WARN_UNUSED_VARIABLE = YES;
				IPHONEOS_DEPLOYMENT_TARGET = 4.3;
				SDKROOT = iphoneos;
			};
			name = Debug;
		};
		6436B8931418B9910059D432 /* Release */ = {
			isa = XCBuildConfiguration;
			buildSettings = {
				ALWAYS_SEARCH_USER_PATHS = NO;
				ARCHS = "$(ARCHS_STANDARD_32_BIT)";
				"CODE_SIGN_IDENTITY[sdk=iphoneos*]" = "iPhone Developer";
				COPY_PHASE_STRIP = YES;
				GCC_C_LANGUAGE_STANDARD = gnu99;
				GCC_VERSION = com.apple.compilers.llvmgcc42;
				GCC_WARN_ABOUT_MISSING_PROTOTYPES = YES;
				GCC_WARN_ABOUT_RETURN_TYPE = YES;
				GCC_WARN_UNUSED_VARIABLE = YES;
				IPHONEOS_DEPLOYMENT_TARGET = 4.3;
				OTHER_CFLAGS = "-DNS_BLOCK_ASSERTIONS=1";
				SDKROOT = iphoneos;
				VALIDATE_PRODUCT = YES;
			};
			name = Release;
		};
		6436B8951418B9910059D432 /* Debug */ = {
			isa = XCBuildConfiguration;
			buildSettings = {
				GCC_PRECOMPILE_PREFIX_HEADER = YES;
				GCC_PREFIX_HEADER = "Hello World/Hello World-Prefix.pch";
				INFOPLIST_FILE = "Hello World/Hello World-Info.plist";
				PRODUCT_NAME = "$(TARGET_NAME)";
				WRAPPER_EXTENSION = app;
			};
			name = Debug;
		};
		6436B8961418B9910059D432 /* Release */ = {
			isa = XCBuildConfiguration;
			buildSettings = {
				GCC_PRECOMPILE_PREFIX_HEADER = YES;
				GCC_PREFIX_HEADER = "Hello World/Hello World-Prefix.pch";
				INFOPLIST_FILE = "Hello World/Hello World-Info.plist";
				PRODUCT_NAME = "$(TARGET_NAME)";
				WRAPPER_EXTENSION = app;
			};
			name = Release;
		};
/* End XCBuildConfiguration section */

/* Begin XCConfigurationList section */
		6436B86D1418B9910059D432 /* Build configuration list for PBXProject "Hello World" */ = {
			isa = XCConfigurationList;
			buildConfigurations = (
				6436B8921418B9910059D432 /* Debug */,
				6436B8931418B9910059D432 /* Release */,
			);
			defaultConfigurationIsVisible = 0;
			defaultConfigurationName = Release;
		};
		6436B8941418B9910059D432 /* Build configuration list for PBXNativeTarget "Hello World" */ = {
			isa = XCConfigurationList;
			buildConfigurations = (
				6436B8951418B9910059D432 /* Debug */,
				6436B8961418B9910059D432 /* Release */,
			);
			defaultConfigurationIsVisible = 0;
		};
/* End XCConfigurationList section */
	};
	rootObject = 6436B86A1418B9910059D432 /* Project object */;
}
